
Microsoft Visual Studio Solution File, Format Version 12.00
# Visual Studio Version 17
VisualStudioVersion = 17.0.31903.59
MinimumVisualStudioVersion = 10.0.40219.1
Project("{2150E333-8FDC-42A3-9474-1A3956D46DE8}") = "src", "src", "{EF615ADD-76DF-4EFD-9E78-7B271BB42034}"
EndProject
Project("{9A19103F-16F7-4668-BE54-9A1E7A4F7556}") = "Enterprise.Api", "src\Enterprise.Api\Enterprise.Api.csproj", "{BD6093B6-620F-4850-981B-8A8993813E25}"
EndProject
Project("{9A19103F-16F7-4668-BE54-9A1E7A4F7556}") = "Enterprise.Api.Client", "src\Enterprise.Api.Client\Enterprise.Api.Client.csproj", "{98F864C7-28D4-4E50-B52F-2BCAEAC1710C}"
EndProject
Project("{9A19103F-16F7-4668-BE54-9A1E7A4F7556}") = "Enterprise.Api.Client.AspNetCore", "src\Enterprise.Api.Client.AspNetCore\Enterprise.Api.Client.AspNetCore.csproj", "{7221FFC0-6443-4B13-BD66-95C69D3E90F7}"
EndProject
Project("{9A19103F-16F7-4668-BE54-9A1E7A4F7556}") = "Enterprise.Applications.DI", "src\Enterprise.Applications.DI\Enterprise.Applications.DI.csproj", "{CEDCE788-49C0-49F1-93E0-29A43E5F037A}"
EndProject
Project("{9A19103F-16F7-4668-BE54-9A1E7A4F7556}") = "Enterprise.ApplicationServices", "src\Enterprise.ApplicationServices\Enterprise.ApplicationServices.csproj", "{00272426-69A0-4581-A958-93E8388FBDCC}"
EndProject
Project("{9A19103F-16F7-4668-BE54-9A1E7A4F7556}") = "Enterprise.ApplicationServices.Core", "src\Enterprise.ApplicationServices.Core\Enterprise.ApplicationServices.Core.csproj", "{5E5FF461-9CCE-4279-A5D5-0F1E453708CC}"
EndProject
Project("{9A19103F-16F7-4668-BE54-9A1E7A4F7556}") = "Enterprise.ApplicationServices.Decorators", "src\Enterprise.ApplicationServices.Decorators\Enterprise.ApplicationServices.Decorators.csproj", "{14610243-A82D-4774-954D-15E5CE46B8C5}"
EndProject
Project("{9A19103F-16F7-4668-BE54-9A1E7A4F7556}") = "Enterprise.ApplicationServices.DI", "src\Enterprise.ApplicationServices.DI\Enterprise.ApplicationServices.DI.csproj", "{9EBB8C23-0A5C-4334-B614-DE8834857049}"
EndProject
Project("{9A19103F-16F7-4668-BE54-9A1E7A4F7556}") = "Enterprise.AutoMapper", "src\Enterprise.AutoMapper\Enterprise.AutoMapper.csproj", "{A5BFD8B9-550F-483A-B356-40ECB0FD8C0B}"
EndProject
Project("{9A19103F-16F7-4668-BE54-9A1E7A4F7556}") = "Enterprise.Caching", "src\Enterprise.Caching\Enterprise.Caching.csproj", "{92C7AB59-7611-4180-8B1D-B0A53AA9A1CF}"
EndProject
Project("{9A19103F-16F7-4668-BE54-9A1E7A4F7556}") = "Enterprise.Calculations", "src\Enterprise.Calculations\Enterprise.Calculations.csproj", "{EC195C1E-A72B-4AF4-B138-594F3908DA26}"
EndProject
Project("{9A19103F-16F7-4668-BE54-9A1E7A4F7556}") = "Enterprise.Constants", "src\Enterprise.Constants\Enterprise.Constants.csproj", "{F637C09C-AB75-442A-9BB1-53C4C4011273}"
EndProject
Project("{9A19103F-16F7-4668-BE54-9A1E7A4F7556}") = "Enterprise.Cors", "src\Enterprise.Cors\Enterprise.Cors.csproj", "{A880FCB3-A110-4CCD-BF77-3A24787CC080}"
EndProject
Project("{9A19103F-16F7-4668-BE54-9A1E7A4F7556}") = "Enterprise.Dapper", "src\Enterprise.Dapper\Enterprise.Dapper.csproj", "{2C2272EB-CCE8-4DE8-A2BE-6DC2EB11C499}"
EndProject
Project("{9A19103F-16F7-4668-BE54-9A1E7A4F7556}") = "Enterprise.Data", "src\Enterprise.Data\Enterprise.Data.csproj", "{79AB0675-4BAA-4430-9649-E4BD19E19FC1}"
EndProject
Project("{9A19103F-16F7-4668-BE54-9A1E7A4F7556}") = "Enterprise.DataShaping", "src\Enterprise.DataShaping\Enterprise.DataShaping.csproj", "{075D863C-F38E-4430-AC94-052E47ED9BF2}"
EndProject
Project("{9A19103F-16F7-4668-BE54-9A1E7A4F7556}") = "Enterprise.DateTimes", "src\Enterprise.DateTimes\Enterprise.DateTimes.csproj", "{340590BB-6EA0-4782-82CC-97292EBB9843}"
EndProject
Project("{9A19103F-16F7-4668-BE54-9A1E7A4F7556}") = "Enterprise.DesignPatterns", "src\Enterprise.DesignPatterns\Enterprise.DesignPatterns.csproj", "{DE11B4EA-F8C2-4AB1-86FC-2B76E612E21D}"
EndProject
Project("{9A19103F-16F7-4668-BE54-9A1E7A4F7556}") = "Enterprise.DI.Core", "src\Enterprise.DI.Core\Enterprise.DI.Core.csproj", "{A04EE684-18D6-42CE-BF99-75EC2B961ACA}"
EndProject
Project("{9A19103F-16F7-4668-BE54-9A1E7A4F7556}") = "Enterprise.Domain", "src\Enterprise.Domain\Enterprise.Domain.csproj", "{E610F166-2493-44EC-A6DA-A4F769047787}"
EndProject
Project("{9A19103F-16F7-4668-BE54-9A1E7A4F7556}") = "Enterprise.DomainDrivenDesign", "src\Enterprise.DomainDrivenDesign\Enterprise.DomainDrivenDesign.csproj", "{709E78C0-4A9B-4EBC-9AAD-A990C1A00672}"
EndProject
Project("{9A19103F-16F7-4668-BE54-9A1E7A4F7556}") = "Enterprise.DomainDrivenDesign.Testing", "src\Enterprise.DomainDrivenDesign.Testing\Enterprise.DomainDrivenDesign.Testing.csproj", "{353FA139-C58A-4D0D-8367-2B291A1E6EC8}"
EndProject
Project("{9A19103F-16F7-4668-BE54-9A1E7A4F7556}") = "Enterprise.EntityFramework", "src\Enterprise.EntityFramework\Enterprise.EntityFramework.csproj", "{CA1E6CDB-6501-44D8-AAD9-5E5DE0190A77}"
EndProject
Project("{9A19103F-16F7-4668-BE54-9A1E7A4F7556}") = "Enterprise.EntityFramework.AspNetCore", "src\Enterprise.EntityFramework.AspNetCore\Enterprise.EntityFramework.AspNetCore.csproj", "{128FE81F-A499-4AAE-BD92-36C638B7C9A1}"
EndProject
Project("{9A19103F-16F7-4668-BE54-9A1E7A4F7556}") = "Enterprise.Events", "src\Enterprise.Events\Enterprise.Events.csproj", "{7A2E32E5-793F-4CA4-8B4A-4DC175751594}"
EndProject
Project("{9A19103F-16F7-4668-BE54-9A1E7A4F7556}") = "Enterprise.Events.Facade", "src\Enterprise.Events.Facade\Enterprise.Events.Facade.csproj", "{C5587208-AF47-4D28-932B-EE076807A9CD}"
EndProject
Project("{9A19103F-16F7-4668-BE54-9A1E7A4F7556}") = "Enterprise.EventSourcing", "src\Enterprise.EventSourcing\Enterprise.EventSourcing.csproj", "{26FDB637-D5EE-4D5C-86D9-03D93BEBC63C}"
EndProject
Project("{9A19103F-16F7-4668-BE54-9A1E7A4F7556}") = "Enterprise.Exceptions", "src\Enterprise.Exceptions\Enterprise.Exceptions.csproj", "{D6E6026C-010B-4F55-973A-3D3E756E818A}"
EndProject
Project("{9A19103F-16F7-4668-BE54-9A1E7A4F7556}") = "Enterprise.Files", "src\Enterprise.Files\Enterprise.Files.csproj", "{78E14297-415F-4F90-BF11-C42CBC567BD1}"
EndProject
Project("{9A19103F-16F7-4668-BE54-9A1E7A4F7556}") = "Enterprise.FluentValidation", "src\Enterprise.FluentValidation\Enterprise.FluentValidation.csproj", "{7EF9ADD7-197E-4F93-84C4-8355CC0056EF}"
EndProject
Project("{9A19103F-16F7-4668-BE54-9A1E7A4F7556}") = "Enterprise.Hosting", "src\Enterprise.Hosting\Enterprise.Hosting.csproj", "{D3B6736B-C247-495E-816F-C7E657FBADC2}"
EndProject
Project("{9A19103F-16F7-4668-BE54-9A1E7A4F7556}") = "Enterprise.Hosting.AspNetCore", "src\Enterprise.Hosting.AspNetCore\Enterprise.Hosting.AspNetCore.csproj", "{0D45BA79-2DA1-4EE7-AE07-CDBDB5AC296C}"
EndProject
Project("{9A19103F-16F7-4668-BE54-9A1E7A4F7556}") = "Enterprise.Http", "src\Enterprise.Http\Enterprise.Http.csproj", "{788E5D57-8C25-44DF-B65B-EE399B522852}"
EndProject
Project("{9A19103F-16F7-4668-BE54-9A1E7A4F7556}") = "Enterprise.Http.AspNetCore", "src\Enterprise.Http.AspNetCore\Enterprise.Http.AspNetCore.csproj", "{77C04A5D-7974-4149-B407-559BB63CC3A4}"
EndProject
Project("{9A19103F-16F7-4668-BE54-9A1E7A4F7556}") = "Enterprise.Library", "src\Enterprise.Library\Enterprise.Library.csproj", "{4C1DDC6B-EDB6-475F-9005-6E7B804BBC06}"
EndProject
Project("{9A19103F-16F7-4668-BE54-9A1E7A4F7556}") = "Enterprise.Library.Core", "src\Enterprise.Library.Core\Enterprise.Library.Core.csproj", "{AD22DBBB-9C32-4FBA-B964-0606C787AB38}"
EndProject
Project("{9A19103F-16F7-4668-BE54-9A1E7A4F7556}") = "Enterprise.Logging", "src\Enterprise.Logging\Enterprise.Logging.csproj", "{22BD08B8-8E72-4837-82D8-03D60D24EAEF}"
EndProject
Project("{9A19103F-16F7-4668-BE54-9A1E7A4F7556}") = "Enterprise.Logging.AspNetCore", "src\Enterprise.Logging.AspNetCore\Enterprise.Logging.AspNetCore.csproj", "{9837EEB3-2AEA-4EA5-91C7-AD953DA26B3E}"
EndProject
Project("{9A19103F-16F7-4668-BE54-9A1E7A4F7556}") = "Enterprise.Logging.Core", "src\Enterprise.Logging.Core\Enterprise.Logging.Core.csproj", "{166F1CCB-0473-459C-AF2B-13EB7727AEAF}"
EndProject
Project("{9A19103F-16F7-4668-BE54-9A1E7A4F7556}") = "Enterprise.Mapping", "src\Enterprise.Mapping\Enterprise.Mapping.csproj", "{1F1693D1-81D7-43ED-AE66-5E504A0F8913}"
EndProject
Project("{9A19103F-16F7-4668-BE54-9A1E7A4F7556}") = "Enterprise.MediatR", "src\Enterprise.MediatR\Enterprise.MediatR.csproj", "{B600177F-B8C2-4580-80D6-796EB1385A84}"
EndProject
Project("{9A19103F-16F7-4668-BE54-9A1E7A4F7556}") = "Enterprise.Messages.Core", "src\Enterprise.Messages.Core\Enterprise.Messages.Core.csproj", "{703DA3BF-D44B-48DE-B664-914834DE7DB5}"
EndProject
Project("{9A19103F-16F7-4668-BE54-9A1E7A4F7556}") = "Enterprise.Middleware", "src\Enterprise.Middleware\Enterprise.Middleware.csproj", "{0EB5A505-B0D5-412E-8068-A752E1C13617}"
EndProject
Project("{9A19103F-16F7-4668-BE54-9A1E7A4F7556}") = "Enterprise.Middleware.AspNetCore", "src\Enterprise.Middleware.AspNetCore\Enterprise.Middleware.AspNetCore.csproj", "{DA602764-AB34-43D0-8C69-368AC772AA92}"
EndProject
Project("{9A19103F-16F7-4668-BE54-9A1E7A4F7556}") = "Enterprise.ModularMonoliths", "src\Enterprise.ModularMonoliths\Enterprise.ModularMonoliths.csproj", "{EB1DBA16-5229-465E-9B5A-75EA550B83E7}"
EndProject
Project("{9A19103F-16F7-4668-BE54-9A1E7A4F7556}") = "Enterprise.Monitoring", "src\Enterprise.Monitoring\Enterprise.Monitoring.csproj", "{304B6644-9ACD-44AA-9067-261033386EEB}"
EndProject
Project("{9A19103F-16F7-4668-BE54-9A1E7A4F7556}") = "Enterprise.NLog", "src\Enterprise.NLog\Enterprise.NLog.csproj", "{FBECAE53-61AF-49BB-B403-21E9822A21B4}"
EndProject
Project("{9A19103F-16F7-4668-BE54-9A1E7A4F7556}") = "Enterprise.NodaTime", "src\Enterprise.NodaTime\Enterprise.NodaTime.csproj", "{58D5047A-C41F-4357-A138-2028543AB8EA}"
EndProject
Project("{9A19103F-16F7-4668-BE54-9A1E7A4F7556}") = "Enterprise.Options", "src\Enterprise.Options\Enterprise.Options.csproj", "{E4437A1B-9F60-4937-8244-5CB1BE04A170}"
EndProject
Project("{9A19103F-16F7-4668-BE54-9A1E7A4F7556}") = "Enterprise.Options.Core", "src\Enterprise.Options.Core\Enterprise.Options.Core.csproj", "{482DA452-2EFE-4D9E-9CF6-FE72CCA35A41}"
EndProject
Project("{9A19103F-16F7-4668-BE54-9A1E7A4F7556}") = "Enterprise.Patterns.Outbox", "src\Enterprise.Patterns.Outbox\Enterprise.Patterns.Outbox.csproj", "{8FFF5899-2873-4B3F-8447-53357D5AA1FD}"
EndProject
Project("{9A19103F-16F7-4668-BE54-9A1E7A4F7556}") = "Enterprise.Patterns.ResultPattern", "src\Enterprise.Patterns.ResultPattern\Enterprise.Patterns.ResultPattern.csproj", "{7120D753-2055-46E9-955E-BA583581C4C2}"
EndProject
Project("{9A19103F-16F7-4668-BE54-9A1E7A4F7556}") = "Enterprise.Quartz", "src\Enterprise.Quartz\Enterprise.Quartz.csproj", "{4A4EC6DC-E31D-4D46-AB61-4A2E3BF079AA}"
EndProject
Project("{9A19103F-16F7-4668-BE54-9A1E7A4F7556}") = "Enterprise.Queries", "src\Enterprise.Queries\Enterprise.Queries.csproj", "{F4163968-9C95-4F4E-8D6B-156299088B4D}"
EndProject
Project("{9A19103F-16F7-4668-BE54-9A1E7A4F7556}") = "Enterprise.Redis", "src\Enterprise.Redis\Enterprise.Redis.csproj", "{760F4132-4187-4BCF-AAC9-24845838BC5C}"
EndProject
Project("{9A19103F-16F7-4668-BE54-9A1E7A4F7556}") = "Enterprise.Reflection", "src\Enterprise.Reflection\Enterprise.Reflection.csproj", "{0CB68F28-808F-4623-B69E-22096280E46B}"
EndProject
Project("{9A19103F-16F7-4668-BE54-9A1E7A4F7556}") = "Enterprise.Reflection.Attributes", "src\Enterprise.Reflection.Attributes\Enterprise.Reflection.Attributes.csproj", "{F24E9EFD-69C0-497E-9232-DD55841B2742}"
EndProject
Project("{9A19103F-16F7-4668-BE54-9A1E7A4F7556}") = "Enterprise.RegularExpressions", "src\Enterprise.RegularExpressions\Enterprise.RegularExpressions.csproj", "{6E0B7252-3E3A-419D-934D-B5FD7F228E7A}"
EndProject
Project("{9A19103F-16F7-4668-BE54-9A1E7A4F7556}") = "Enterprise.Scrutor", "src\Enterprise.Scrutor\Enterprise.Scrutor.csproj", "{021F37BE-3432-46A0-BAE8-3C4D9D6F54B0}"
EndProject
Project("{9A19103F-16F7-4668-BE54-9A1E7A4F7556}") = "Enterprise.Security", "src\Enterprise.Security\Enterprise.Security.csproj", "{7FADA3C7-8AF5-44D1-9C84-9F32DA612DBB}"
EndProject
Project("{9A19103F-16F7-4668-BE54-9A1E7A4F7556}") = "Enterprise.Security.Authorization", "src\Enterprise.Security.Authorization\Enterprise.Security.Authorization.csproj", "{84D13C8A-1615-48EA-81FD-163E926F4343}"
EndProject
Project("{9A19103F-16F7-4668-BE54-9A1E7A4F7556}") = "Enterprise.Serialization.Json", "src\Enterprise.Serialization.Json\Enterprise.Serialization.Json.csproj", "{8BA70EAA-C833-412B-AD87-834FC88F2B58}"
EndProject
Project("{9A19103F-16F7-4668-BE54-9A1E7A4F7556}") = "Enterprise.Serilog", "src\Enterprise.Serilog\Enterprise.Serilog.csproj", "{7899279C-0719-4BB5-AF70-DFB67385F5F3}"
EndProject
Project("{9A19103F-16F7-4668-BE54-9A1E7A4F7556}") = "Enterprise.Serilog.AspNetCore", "src\Enterprise.Serilog.AspNetCore\Enterprise.Serilog.AspNetCore.csproj", "{88255256-496E-4BD3-BDFE-B25FBCA05978}"
EndProject
Project("{9A19103F-16F7-4668-BE54-9A1E7A4F7556}") = "Enterprise.Sorting", "src\Enterprise.Sorting\Enterprise.Sorting.csproj", "{14BC7486-D909-451B-8823-0AF983C53B8C}"
EndProject
Project("{9A19103F-16F7-4668-BE54-9A1E7A4F7556}") = "Enterprise.Sorting.Dynamic", "src\Enterprise.Sorting.Dynamic\Enterprise.Sorting.Dynamic.csproj", "{58D6C7B3-1B1B-40C2-BD4A-B20FE1714CC0}"
EndProject
Project("{9A19103F-16F7-4668-BE54-9A1E7A4F7556}") = "Enterprise.Sql", "src\Enterprise.Sql\Enterprise.Sql.csproj", "{6ED56D2B-187C-4406-82F5-DC4394403D63}"
EndProject
Project("{9A19103F-16F7-4668-BE54-9A1E7A4F7556}") = "Enterprise.Sqlite", "src\Enterprise.Sqlite\Enterprise.Sqlite.csproj", "{C798522B-C252-428A-84D1-2137E4C0912A}"
EndProject
Project("{9A19103F-16F7-4668-BE54-9A1E7A4F7556}") = "Enterprise.Testing", "src\Enterprise.Testing\Enterprise.Testing.csproj", "{39DEFD4F-D8CC-49A3-A809-6118476CAFC0}"
EndProject
Project("{9A19103F-16F7-4668-BE54-9A1E7A4F7556}") = "Enterprise.Testing.AspNetCore", "src\Enterprise.Testing.AspNetCore\Enterprise.Testing.AspNetCore.csproj", "{1F4960D0-1974-45E2-889D-9829C1A50F85}"
EndProject
Project("{9A19103F-16F7-4668-BE54-9A1E7A4F7556}") = "Enterprise.TextEncoding", "src\Enterprise.TextEncoding\Enterprise.TextEncoding.csproj", "{A527FBC6-281D-4F01-AE1E-680599700195}"
EndProject
Project("{9A19103F-16F7-4668-BE54-9A1E7A4F7556}") = "Enterprise.TimeZones", "src\Enterprise.TimeZones\Enterprise.TimeZones.csproj", "{E22F7D49-A0EE-40C5-87A3-FDFA0AF41C13}"
EndProject
Project("{9A19103F-16F7-4668-BE54-9A1E7A4F7556}") = "Enterprise.Traceability", "src\Enterprise.Traceability\Enterprise.Traceability.csproj", "{E1CBEFCD-FECD-47E6-A6D3-A09A38A2E7B5}"
EndProject
Project("{9A19103F-16F7-4668-BE54-9A1E7A4F7556}") = "Enterprise.Validation", "src\Enterprise.Validation\Enterprise.Validation.csproj", "{32AE25AC-97CE-40FF-BFBC-00A8104FDFEC}"
EndProject
Project("{9A19103F-16F7-4668-BE54-9A1E7A4F7556}") = "Enterprise.ValueObjects", "src\Enterprise.ValueObjects\Enterprise.ValueObjects.csproj", "{D9F22D77-2935-4AE9-A4BE-B8DFC6C80ACC}"
EndProject
Project("{2150E333-8FDC-42A3-9474-1A3956D46DE8}") = "tests", "tests", "{955CB110-3F3F-4C05-842A-D8B26888A129}"
EndProject
Project("{9A19103F-16F7-4668-BE54-9A1E7A4F7556}") = "Enterprise.Patterns.ResultPattern.Tests.Unit", "tests\Enterprise.Patterns.ResultPattern.Tests.Unit\Enterprise.Patterns.ResultPattern.Tests.Unit.csproj", "{66774571-199B-476F-B664-11F3F3BB1BD5}"
EndProject
Project("{2150E333-8FDC-42A3-9474-1A3956D46DE8}") = "examples", "examples", "{4548CC9E-6285-4A77-80DE-B4FC0BF69CBE}"
EndProject
Project("{9A19103F-16F7-4668-BE54-9A1E7A4F7556}") = "Example.AdditionalProject", "examples\Example.AdditionalProject\Example.AdditionalProject.csproj", "{E6A846E0-349E-4159-9310-DB8F777D93B3}"
EndProject
Project("{9A19103F-16F7-4668-BE54-9A1E7A4F7556}") = "Example.ConsoleApp", "examples\Example.ConsoleApp\Example.ConsoleApp.csproj", "{140EC65C-C18A-4ECA-B7D8-4A289BB4B0DC}"
EndProject
Project("{9A19103F-16F7-4668-BE54-9A1E7A4F7556}") = "Example.WebApi", "examples\Example.WebApi\Example.WebApi.csproj", "{6B5D5099-B7BF-485E-A503-F272B029FB8A}"
EndProject
Project("{2150E333-8FDC-42A3-9474-1A3956D46DE8}") = "global", "global", "{54A1BB02-B621-4FA7-83E1-673155B9C720}"
	ProjectSection(SolutionItems) = preProject
		.editorconfig = .editorconfig
		.gitignore = .gitignore
		Directory.Build.props = Directory.Build.props
		global.json = global.json
		NuGet.config = NuGet.config
	EndProjectSection
EndProject
Project("{2150E333-8FDC-42A3-9474-1A3956D46DE8}") = ".azure", ".azure", "{986B0882-0594-4F3E-9328-F64EA3DB2718}"
	ProjectSection(SolutionItems) = preProject
		.azure\enterprise-api-client-aspnetcore.yaml = .azure\enterprise-api-client-aspnetcore.yaml
		.azure\enterprise-api-client.yaml = .azure\enterprise-api-client.yaml
		.azure\enterprise-api.yaml = .azure\enterprise-api.yaml
		.azure\enterprise-application-services-core.yaml = .azure\enterprise-application-services-core.yaml
		.azure\enterprise-application-services-decorators.yaml = .azure\enterprise-application-services-decorators.yaml
		.azure\enterprise-application-services-DI.yaml = .azure\enterprise-application-services-DI.yaml
		.azure\enterprise-application-services.yaml = .azure\enterprise-application-services.yaml
		.azure\enterprise-applications-DI.yaml = .azure\enterprise-applications-DI.yaml
		.azure\enterprise-auto-mapper.yaml = .azure\enterprise-auto-mapper.yaml
		.azure\enterprise-caching.yaml = .azure\enterprise-caching.yaml
		.azure\enterprise-calculations.yaml = .azure\enterprise-calculations.yaml
		.azure\enterprise-constants.yaml = .azure\enterprise-constants.yaml
		.azure\enterprise-cors.yaml = .azure\enterprise-cors.yaml
		.azure\enterprise-dapper.yaml = .azure\enterprise-dapper.yaml
		.azure\enterprise-data-shaping.yaml = .azure\enterprise-data-shaping.yaml
		.azure\enterprise-data.yaml = .azure\enterprise-data.yaml
		.azure\enterprise-datetimes.yaml = .azure\enterprise-datetimes.yaml
		.azure\enterprise-design-patterns-chain-of-responsibility.yaml = .azure\enterprise-design-patterns-chain-of-responsibility.yaml
		.azure\enterprise-design-patterns-decorator.yaml = .azure\enterprise-design-patterns-decorator.yaml
		.azure\enterprise-design-patterns.yaml = .azure\enterprise-design-patterns.yaml
		.azure\enterprise-DI-core.yaml = .azure\enterprise-DI-core.yaml
		.azure\enterprise-domain-aspnetcore.yaml = .azure\enterprise-domain-aspnetcore.yaml
		.azure\enterprise-domain-driven-design-testing.yaml = .azure\enterprise-domain-driven-design-testing.yaml
		.azure\enterprise-domain-driven-design.yaml = .azure\enterprise-domain-driven-design.yaml
		.azure\enterprise-domain.yaml = .azure\enterprise-domain.yaml
		.azure\enterprise-entity-framework-aspnetcore.yaml = .azure\enterprise-entity-framework-aspnetcore.yaml
		.azure\enterprise-entity-framework.yaml = .azure\enterprise-entity-framework.yaml
		.azure\enterprise-event-sourcing.yaml = .azure\enterprise-event-sourcing.yaml
		.azure\enterprise-events-facade.yaml = .azure\enterprise-events-facade.yaml
		.azure\enterprise-events.yaml = .azure\enterprise-events.yaml
		.azure\enterprise-exceptions.yaml = .azure\enterprise-exceptions.yaml
		.azure\enterprise-files.yaml = .azure\enterprise-files.yaml
		.azure\enterprise-fluent-validation.yaml = .azure\enterprise-fluent-validation.yaml
		.azure\enterprise-hosting-aspnetcore.yaml = .azure\enterprise-hosting-aspnetcore.yaml
		.azure\enterprise-hosting.yaml = .azure\enterprise-hosting.yaml
		.azure\enterprise-http-aspnetcore.yaml = .azure\enterprise-http-aspnetcore.yaml
		.azure\enterprise-http.yaml = .azure\enterprise-http.yaml
		.azure\enterprise-library-core.yaml = .azure\enterprise-library-core.yaml
		.azure\enterprise-library.yaml = .azure\enterprise-library.yaml
		.azure\enterprise-logging-aspnetcore.yaml = .azure\enterprise-logging-aspnetcore.yaml
		.azure\enterprise-logging-core.yaml = .azure\enterprise-logging-core.yaml
		.azure\enterprise-logging.yaml = .azure\enterprise-logging.yaml
		.azure\enterprise-mapping.yaml = .azure\enterprise-mapping.yaml
		.azure\enterprise-mediatr.yaml = .azure\enterprise-mediatr.yaml
		.azure\enterprise-messages-core.yaml = .azure\enterprise-messages-core.yaml
		.azure\enterprise-middleware-aspnetcore.yaml = .azure\enterprise-middleware-aspnetcore.yaml
		.azure\enterprise-middleware.yaml = .azure\enterprise-middleware.yaml
		.azure\enterprise-modular-monoliths.yaml = .azure\enterprise-modular-monoliths.yaml
		.azure\enterprise-monitoring.yaml = .azure\enterprise-monitoring.yaml
		.azure\enterprise-multitenancy-aspnetcore.yaml = .azure\enterprise-multitenancy-aspnetcore.yaml
		.azure\enterprise-multitenancy.yaml = .azure\enterprise-multitenancy.yaml
		.azure\enterprise-nlog.yaml = .azure\enterprise-nlog.yaml
		.azure\enterprise-noda-time.yaml = .azure\enterprise-noda-time.yaml
		.azure\enterprise-options-core.yaml = .azure\enterprise-options-core.yaml
		.azure\enterprise-options.yaml = .azure\enterprise-options.yaml
		.azure\enterprise-patterns-outbox.yaml = .azure\enterprise-patterns-outbox.yaml
		.azure\enterprise-patterns-repository.yaml = .azure\enterprise-patterns-repository.yaml
		.azure\enterprise-patterns-result.yaml = .azure\enterprise-patterns-result.yaml
		.azure\enterprise-patterns-service-locator.yaml = .azure\enterprise-patterns-service-locator.yaml
		.azure\enterprise-quartz.yaml = .azure\enterprise-quartz.yaml
		.azure\enterprise-queries.yaml = .azure\enterprise-queries.yaml
		.azure\enterprise-redis.yaml = .azure\enterprise-redis.yaml
		.azure\enterprise-reflection-attributes.yaml = .azure\enterprise-reflection-attributes.yaml
		.azure\enterprise-reflection.yaml = .azure\enterprise-reflection.yaml
		.azure\enterprise-regular-expressions.yaml = .azure\enterprise-regular-expressions.yaml
		.azure\enterprise-scrutor.yaml = .azure\enterprise-scrutor.yaml
		.azure\enterprise-security-authorization.yaml = .azure\enterprise-security-authorization.yaml
		.azure\enterprise-security.yaml = .azure\enterprise-security.yaml
		.azure\enterprise-serialization-json.yaml = .azure\enterprise-serialization-json.yaml
		.azure\enterprise-serilog-aspnetcore.yaml = .azure\enterprise-serilog-aspnetcore.yaml
		.azure\enterprise-serilog.yaml = .azure\enterprise-serilog.yaml
		.azure\enterprise-sorting-dynamic.yaml = .azure\enterprise-sorting-dynamic.yaml
		.azure\enterprise-sorting.yaml = .azure\enterprise-sorting.yaml
		.azure\enterprise-sql.yaml = .azure\enterprise-sql.yaml
		.azure\enterprise-sqlite.yaml = .azure\enterprise-sqlite.yaml
		.azure\enterprise-testing-aspnetcore.yaml = .azure\enterprise-testing-aspnetcore.yaml
		.azure\enterprise-testing.yaml = .azure\enterprise-testing.yaml
		.azure\enterprise-text-encoding.yaml = .azure\enterprise-text-encoding.yaml
		.azure\enterprise-time-zones.yaml = .azure\enterprise-time-zones.yaml
		.azure\enterprise-traceability.yaml = .azure\enterprise-traceability.yaml
		.azure\enterprise-transactions.yaml = .azure\enterprise-transactions.yaml
		.azure\enterprise-validation.yaml = .azure\enterprise-validation.yaml
		.azure\enterprise-value-objects.yaml = .azure\enterprise-value-objects.yaml
	EndProjectSection
EndProject
Project("{9A19103F-16F7-4668-BE54-9A1E7A4F7556}") = "Enterprise.Multitenancy", "src\Enterprise.Multitenancy\Enterprise.Multitenancy.csproj", "{5C4B6431-1A0C-42BD-83A0-AB65B66C1152}"
EndProject
Project("{9A19103F-16F7-4668-BE54-9A1E7A4F7556}") = "Enterprise.Multitenancy.AspNetCore", "src\Enterprise.Multitenancy.AspNetCore\Enterprise.Multitenancy.AspNetCore.csproj", "{DB35E5FA-C779-487A-8E19-5CFA3FF975A8}"
EndProject
Project("{2150E333-8FDC-42A3-9474-1A3956D46DE8}") = "API", "API", "{BA8A88F3-3194-4839-9CFF-FAA3AB849A6D}"
EndProject
Project("{2150E333-8FDC-42A3-9474-1A3956D46DE8}") = "Application Services", "Application Services", "{15D8FAA2-098D-4C10-83DA-D81C31BF28B7}"
EndProject
Project("{2150E333-8FDC-42A3-9474-1A3956D46DE8}") = "Domain", "Domain", "{6A973BA5-E538-463F-90ED-3C5A7C39A29C}"
EndProject
Project("{2150E333-8FDC-42A3-9474-1A3956D46DE8}") = "Events", "Events", "{C0533A80-3E25-4B9E-97A2-9FFF625659A1}"
EndProject
Project("{2150E333-8FDC-42A3-9474-1A3956D46DE8}") = "Logging", "Logging", "{6330E9A6-D5DA-4C3E-A196-5B3CB66123F4}"
EndProject
Project("{2150E333-8FDC-42A3-9474-1A3956D46DE8}") = "Options", "Options", "{A3C3AD0D-2D43-4698-898B-81819E4A5320}"
EndProject
Project("{2150E333-8FDC-42A3-9474-1A3956D46DE8}") = "Reflection", "Reflection", "{1AB6D3F3-E78F-434E-A932-F93F09E51C3A}"
EndProject
Project("{2150E333-8FDC-42A3-9474-1A3956D46DE8}") = "Testing", "Testing", "{D935AE2A-1497-47CF-9D63-568E25E1D811}"
EndProject
Project("{2150E333-8FDC-42A3-9474-1A3956D46DE8}") = "Dependency Injection", "Dependency Injection", "{B8054E43-0FE9-4C63-BB2D-E0A208E706A0}"
EndProject
Project("{2150E333-8FDC-42A3-9474-1A3956D46DE8}") = "Data", "Data", "{BEE0AFD0-C13F-49F2-A654-32EB83623229}"
EndProject
Project("{2150E333-8FDC-42A3-9474-1A3956D46DE8}") = "Queries", "Queries", "{FC4F94B2-38E9-41E3-A89F-D3C1847BD847}"
EndProject
Project("{2150E333-8FDC-42A3-9474-1A3956D46DE8}") = "Core Libraries", "Core Libraries", "{69B07B62-7664-47B5-9E09-BBDD8E6E4DB7}"
EndProject
Project("{2150E333-8FDC-42A3-9474-1A3956D46DE8}") = "Caching", "Caching", "{A9CDF5A4-9016-4E8D-9FFD-157510FC50F2}"
EndProject
Project("{2150E333-8FDC-42A3-9474-1A3956D46DE8}") = "Validation", "Validation", "{F30B4304-8A7A-4603-B37E-767242356358}"
EndProject
Project("{2150E333-8FDC-42A3-9474-1A3956D46DE8}") = "Mapping", "Mapping", "{3E2E169B-60D6-485B-BD0F-899F07D576AD}"
EndProject
Project("{2150E333-8FDC-42A3-9474-1A3956D46DE8}") = "Applications", "Applications", "{49010F44-DA86-46A2-97B6-172B93864D38}"
EndProject
Project("{2150E333-8FDC-42A3-9474-1A3956D46DE8}") = "ASP.NET Core", "ASP.NET Core", "{920E73DF-7BAD-473C-9663-0551089FD7F3}"
EndProject
Project("{2150E333-8FDC-42A3-9474-1A3956D46DE8}") = "Background Jobs", "Background Jobs", "{519B3EFC-14DC-41CB-9E88-633644F353B9}"
EndProject
Project("{2150E333-8FDC-42A3-9474-1A3956D46DE8}") = "Observability", "Observability", "{92CE8247-51A2-42A1-9C1F-4C7F9605D57E}"
EndProject
Project("{2150E333-8FDC-42A3-9474-1A3956D46DE8}") = "Security", "Security", "{C648E9F8-0693-474F-AC00-8CBBD136828D}"
EndProject
Project("{2150E333-8FDC-42A3-9474-1A3956D46DE8}") = "Patterns", "Patterns", "{C3FA00F0-238E-4C37-9A4F-F36B2D2ED344}"
EndProject
Project("{9A19103F-16F7-4668-BE54-9A1E7A4F7556}") = "Enterprise.Patterns.Repository", "src\Enterprise.Patterns.Repository\Enterprise.Patterns.Repository.csproj", "{1B8FB499-5D55-4EDE-BF06-F96310596CEE}"
EndProject
Project("{9A19103F-16F7-4668-BE54-9A1E7A4F7556}") = "Enterprise.Patterns.ServiceLocator", "src\Enterprise.Patterns.ServiceLocator\Enterprise.Patterns.ServiceLocator.csproj", "{04937C34-0A2B-4B40-B801-9F040C2710E6}"
EndProject
Project("{9A19103F-16F7-4668-BE54-9A1E7A4F7556}") = "Enterprise.Options.Tests.Integration", "tests\Enterprise.Options.Tests.Integration\Enterprise.Options.Tests.Integration.csproj", "{BFB68A66-F529-4E7A-8AA2-6C1BABB8DBA6}"
EndProject
Project("{9A19103F-16F7-4668-BE54-9A1E7A4F7556}") = "Enterprise.Api.Tests.Unit", "tests\Enterprise.Api.Tests.Unit\Enterprise.Api.Tests.Unit.csproj", "{4DDFC292-238F-4EBC-A21E-16EFB012CB02}"
EndProject
Project("{9A19103F-16F7-4668-BE54-9A1E7A4F7556}") = "Enterprise.DateTimes.Tests.Unit", "tests\Enterprise.DateTimes.Tests.Unit\Enterprise.DateTimes.Tests.Unit.csproj", "{A101368B-3063-407A-AB1C-7780689DD37D}"
EndProject
Project("{9A19103F-16F7-4668-BE54-9A1E7A4F7556}") = "Enterprise.Logging.AspNetCore.Tests.Unit", "tests\Enterprise.Logging.AspNetCore.Tests.Unit\Enterprise.Logging.AspNetCore.Tests.Unit.csproj", "{CF2B4092-9C8B-4794-9070-E1E093706364}"
EndProject
Project("{9A19103F-16F7-4668-BE54-9A1E7A4F7556}") = "Enterprise.Logging.Tests.Unit", "tests\Enterprise.Logging.Tests.Unit\Enterprise.Logging.Tests.Unit.csproj", "{0A241250-C23A-422F-B976-C50F83B6BCF9}"
EndProject
Project("{9A19103F-16F7-4668-BE54-9A1E7A4F7556}") = "Enterprise.Security.Tests.Unit", "tests\Enterprise.Security.Tests.Unit\Enterprise.Security.Tests.Unit.csproj", "{548D4A30-6E6B-4357-A5FA-687F7E9E6E44}"
EndProject
Project("{9A19103F-16F7-4668-BE54-9A1E7A4F7556}") = "Enterprise.Options.Tests.Unit", "tests\Enterprise.Options.Tests.Unit\Enterprise.Options.Tests.Unit.csproj", "{CCE68B1C-5751-40DF-B004-3863967BDE4D}"
EndProject
Project("{9A19103F-16F7-4668-BE54-9A1E7A4F7556}") = "Enterprise.Domain.AspNetCore", "src\Enterprise.Domain.AspNetCore\Enterprise.Domain.AspNetCore.csproj", "{21F40188-72D1-476F-A736-5B642BB637EF}"
EndProject
Project("{2150E333-8FDC-42A3-9474-1A3956D46DE8}") = "Transactions", "Transactions", "{5D97BBA0-53E9-4446-8A20-6557BCFDC53F}"
EndProject
Project("{9A19103F-16F7-4668-BE54-9A1E7A4F7556}") = "Enterprise.Transactions", "src\Enterprise.Transactions\Enterprise.Transactions.csproj", "{8DB6EA88-393A-45F9-9C2C-E79BEB6D6370}"
EndProject
Project("{9A19103F-16F7-4668-BE54-9A1E7A4F7556}") = "Enterprise.DesignPatterns.Tests.Unit", "tests\Enterprise.DesignPatterns.Tests.Unit\Enterprise.DesignPatterns.Tests.Unit.csproj", "{EAF42C60-8D40-4EE9-ADC3-D7D68AF09C5E}"
EndProject
Project("{9A19103F-16F7-4668-BE54-9A1E7A4F7556}") = "Enterprise.DesignPatterns.Decorator", "src\Enterprise.DesignPatterns.Decorator\Enterprise.DesignPatterns.Decorator.csproj", "{364F91ED-AB5F-4CE6-AC27-6A0C3175DB36}"
EndProject
Project("{9A19103F-16F7-4668-BE54-9A1E7A4F7556}") = "Enterprise.DesignPatterns.ChainOfResponsibility", "src\Enterprise.DesignPatterns.ChainOfResponsibility\Enterprise.DesignPatterns.ChainOfResponsibility.csproj", "{EE8EB1E7-35E3-4C4D-8611-6FD1DA113584}"
EndProject
Project("{FAE04EC0-301F-11D3-BF4B-00C04F79EFBC}") = "Enterprise.Options.Core.Tests.Unit", "tests\Enterprise.Options.Core.Tests.Unit\Enterprise.Options.Core.Tests.Unit.csproj", "{F9D885FF-58F6-4062-9008-A9402195E66F}"
EndProject
Global
	GlobalSection(SolutionConfigurationPlatforms) = preSolution
		Debug|Any CPU = Debug|Any CPU
		Release|Any CPU = Release|Any CPU
	EndGlobalSection
	GlobalSection(ProjectConfigurationPlatforms) = postSolution
		{BD6093B6-620F-4850-981B-8A8993813E25}.Debug|Any CPU.ActiveCfg = Debug|Any CPU
		{BD6093B6-620F-4850-981B-8A8993813E25}.Debug|Any CPU.Build.0 = Debug|Any CPU
		{BD6093B6-620F-4850-981B-8A8993813E25}.Release|Any CPU.ActiveCfg = Release|Any CPU
		{BD6093B6-620F-4850-981B-8A8993813E25}.Release|Any CPU.Build.0 = Release|Any CPU
		{98F864C7-28D4-4E50-B52F-2BCAEAC1710C}.Debug|Any CPU.ActiveCfg = Debug|Any CPU
		{98F864C7-28D4-4E50-B52F-2BCAEAC1710C}.Debug|Any CPU.Build.0 = Debug|Any CPU
		{98F864C7-28D4-4E50-B52F-2BCAEAC1710C}.Release|Any CPU.ActiveCfg = Release|Any CPU
		{98F864C7-28D4-4E50-B52F-2BCAEAC1710C}.Release|Any CPU.Build.0 = Release|Any CPU
		{7221FFC0-6443-4B13-BD66-95C69D3E90F7}.Debug|Any CPU.ActiveCfg = Debug|Any CPU
		{7221FFC0-6443-4B13-BD66-95C69D3E90F7}.Debug|Any CPU.Build.0 = Debug|Any CPU
		{7221FFC0-6443-4B13-BD66-95C69D3E90F7}.Release|Any CPU.ActiveCfg = Release|Any CPU
		{7221FFC0-6443-4B13-BD66-95C69D3E90F7}.Release|Any CPU.Build.0 = Release|Any CPU
		{CEDCE788-49C0-49F1-93E0-29A43E5F037A}.Debug|Any CPU.ActiveCfg = Debug|Any CPU
		{CEDCE788-49C0-49F1-93E0-29A43E5F037A}.Debug|Any CPU.Build.0 = Debug|Any CPU
		{CEDCE788-49C0-49F1-93E0-29A43E5F037A}.Release|Any CPU.ActiveCfg = Release|Any CPU
		{CEDCE788-49C0-49F1-93E0-29A43E5F037A}.Release|Any CPU.Build.0 = Release|Any CPU
		{00272426-69A0-4581-A958-93E8388FBDCC}.Debug|Any CPU.ActiveCfg = Debug|Any CPU
		{00272426-69A0-4581-A958-93E8388FBDCC}.Debug|Any CPU.Build.0 = Debug|Any CPU
		{00272426-69A0-4581-A958-93E8388FBDCC}.Release|Any CPU.ActiveCfg = Release|Any CPU
		{00272426-69A0-4581-A958-93E8388FBDCC}.Release|Any CPU.Build.0 = Release|Any CPU
		{5E5FF461-9CCE-4279-A5D5-0F1E453708CC}.Debug|Any CPU.ActiveCfg = Debug|Any CPU
		{5E5FF461-9CCE-4279-A5D5-0F1E453708CC}.Debug|Any CPU.Build.0 = Debug|Any CPU
		{5E5FF461-9CCE-4279-A5D5-0F1E453708CC}.Release|Any CPU.ActiveCfg = Release|Any CPU
		{5E5FF461-9CCE-4279-A5D5-0F1E453708CC}.Release|Any CPU.Build.0 = Release|Any CPU
		{14610243-A82D-4774-954D-15E5CE46B8C5}.Debug|Any CPU.ActiveCfg = Debug|Any CPU
		{14610243-A82D-4774-954D-15E5CE46B8C5}.Debug|Any CPU.Build.0 = Debug|Any CPU
		{14610243-A82D-4774-954D-15E5CE46B8C5}.Release|Any CPU.ActiveCfg = Release|Any CPU
		{14610243-A82D-4774-954D-15E5CE46B8C5}.Release|Any CPU.Build.0 = Release|Any CPU
		{9EBB8C23-0A5C-4334-B614-DE8834857049}.Debug|Any CPU.ActiveCfg = Debug|Any CPU
		{9EBB8C23-0A5C-4334-B614-DE8834857049}.Debug|Any CPU.Build.0 = Debug|Any CPU
		{9EBB8C23-0A5C-4334-B614-DE8834857049}.Release|Any CPU.ActiveCfg = Release|Any CPU
		{9EBB8C23-0A5C-4334-B614-DE8834857049}.Release|Any CPU.Build.0 = Release|Any CPU
		{A5BFD8B9-550F-483A-B356-40ECB0FD8C0B}.Debug|Any CPU.ActiveCfg = Debug|Any CPU
		{A5BFD8B9-550F-483A-B356-40ECB0FD8C0B}.Debug|Any CPU.Build.0 = Debug|Any CPU
		{A5BFD8B9-550F-483A-B356-40ECB0FD8C0B}.Release|Any CPU.ActiveCfg = Release|Any CPU
		{A5BFD8B9-550F-483A-B356-40ECB0FD8C0B}.Release|Any CPU.Build.0 = Release|Any CPU
		{92C7AB59-7611-4180-8B1D-B0A53AA9A1CF}.Debug|Any CPU.ActiveCfg = Debug|Any CPU
		{92C7AB59-7611-4180-8B1D-B0A53AA9A1CF}.Debug|Any CPU.Build.0 = Debug|Any CPU
		{92C7AB59-7611-4180-8B1D-B0A53AA9A1CF}.Release|Any CPU.ActiveCfg = Release|Any CPU
		{92C7AB59-7611-4180-8B1D-B0A53AA9A1CF}.Release|Any CPU.Build.0 = Release|Any CPU
		{EC195C1E-A72B-4AF4-B138-594F3908DA26}.Debug|Any CPU.ActiveCfg = Debug|Any CPU
		{EC195C1E-A72B-4AF4-B138-594F3908DA26}.Debug|Any CPU.Build.0 = Debug|Any CPU
		{EC195C1E-A72B-4AF4-B138-594F3908DA26}.Release|Any CPU.ActiveCfg = Release|Any CPU
		{EC195C1E-A72B-4AF4-B138-594F3908DA26}.Release|Any CPU.Build.0 = Release|Any CPU
		{F637C09C-AB75-442A-9BB1-53C4C4011273}.Debug|Any CPU.ActiveCfg = Debug|Any CPU
		{F637C09C-AB75-442A-9BB1-53C4C4011273}.Debug|Any CPU.Build.0 = Debug|Any CPU
		{F637C09C-AB75-442A-9BB1-53C4C4011273}.Release|Any CPU.ActiveCfg = Release|Any CPU
		{F637C09C-AB75-442A-9BB1-53C4C4011273}.Release|Any CPU.Build.0 = Release|Any CPU
		{A880FCB3-A110-4CCD-BF77-3A24787CC080}.Debug|Any CPU.ActiveCfg = Debug|Any CPU
		{A880FCB3-A110-4CCD-BF77-3A24787CC080}.Debug|Any CPU.Build.0 = Debug|Any CPU
		{A880FCB3-A110-4CCD-BF77-3A24787CC080}.Release|Any CPU.ActiveCfg = Release|Any CPU
		{A880FCB3-A110-4CCD-BF77-3A24787CC080}.Release|Any CPU.Build.0 = Release|Any CPU
		{2C2272EB-CCE8-4DE8-A2BE-6DC2EB11C499}.Debug|Any CPU.ActiveCfg = Debug|Any CPU
		{2C2272EB-CCE8-4DE8-A2BE-6DC2EB11C499}.Debug|Any CPU.Build.0 = Debug|Any CPU
		{2C2272EB-CCE8-4DE8-A2BE-6DC2EB11C499}.Release|Any CPU.ActiveCfg = Release|Any CPU
		{2C2272EB-CCE8-4DE8-A2BE-6DC2EB11C499}.Release|Any CPU.Build.0 = Release|Any CPU
		{79AB0675-4BAA-4430-9649-E4BD19E19FC1}.Debug|Any CPU.ActiveCfg = Debug|Any CPU
		{79AB0675-4BAA-4430-9649-E4BD19E19FC1}.Debug|Any CPU.Build.0 = Debug|Any CPU
		{79AB0675-4BAA-4430-9649-E4BD19E19FC1}.Release|Any CPU.ActiveCfg = Release|Any CPU
		{79AB0675-4BAA-4430-9649-E4BD19E19FC1}.Release|Any CPU.Build.0 = Release|Any CPU
		{075D863C-F38E-4430-AC94-052E47ED9BF2}.Debug|Any CPU.ActiveCfg = Debug|Any CPU
		{075D863C-F38E-4430-AC94-052E47ED9BF2}.Debug|Any CPU.Build.0 = Debug|Any CPU
		{075D863C-F38E-4430-AC94-052E47ED9BF2}.Release|Any CPU.ActiveCfg = Release|Any CPU
		{075D863C-F38E-4430-AC94-052E47ED9BF2}.Release|Any CPU.Build.0 = Release|Any CPU
		{340590BB-6EA0-4782-82CC-97292EBB9843}.Debug|Any CPU.ActiveCfg = Debug|Any CPU
		{340590BB-6EA0-4782-82CC-97292EBB9843}.Debug|Any CPU.Build.0 = Debug|Any CPU
		{340590BB-6EA0-4782-82CC-97292EBB9843}.Release|Any CPU.ActiveCfg = Release|Any CPU
		{340590BB-6EA0-4782-82CC-97292EBB9843}.Release|Any CPU.Build.0 = Release|Any CPU
		{DE11B4EA-F8C2-4AB1-86FC-2B76E612E21D}.Debug|Any CPU.ActiveCfg = Debug|Any CPU
		{DE11B4EA-F8C2-4AB1-86FC-2B76E612E21D}.Debug|Any CPU.Build.0 = Debug|Any CPU
		{DE11B4EA-F8C2-4AB1-86FC-2B76E612E21D}.Release|Any CPU.ActiveCfg = Release|Any CPU
		{DE11B4EA-F8C2-4AB1-86FC-2B76E612E21D}.Release|Any CPU.Build.0 = Release|Any CPU
		{A04EE684-18D6-42CE-BF99-75EC2B961ACA}.Debug|Any CPU.ActiveCfg = Debug|Any CPU
		{A04EE684-18D6-42CE-BF99-75EC2B961ACA}.Debug|Any CPU.Build.0 = Debug|Any CPU
		{A04EE684-18D6-42CE-BF99-75EC2B961ACA}.Release|Any CPU.ActiveCfg = Release|Any CPU
		{A04EE684-18D6-42CE-BF99-75EC2B961ACA}.Release|Any CPU.Build.0 = Release|Any CPU
		{E610F166-2493-44EC-A6DA-A4F769047787}.Debug|Any CPU.ActiveCfg = Debug|Any CPU
		{E610F166-2493-44EC-A6DA-A4F769047787}.Debug|Any CPU.Build.0 = Debug|Any CPU
		{E610F166-2493-44EC-A6DA-A4F769047787}.Release|Any CPU.ActiveCfg = Release|Any CPU
		{E610F166-2493-44EC-A6DA-A4F769047787}.Release|Any CPU.Build.0 = Release|Any CPU
		{709E78C0-4A9B-4EBC-9AAD-A990C1A00672}.Debug|Any CPU.ActiveCfg = Debug|Any CPU
		{709E78C0-4A9B-4EBC-9AAD-A990C1A00672}.Debug|Any CPU.Build.0 = Debug|Any CPU
		{709E78C0-4A9B-4EBC-9AAD-A990C1A00672}.Release|Any CPU.ActiveCfg = Release|Any CPU
		{709E78C0-4A9B-4EBC-9AAD-A990C1A00672}.Release|Any CPU.Build.0 = Release|Any CPU
		{353FA139-C58A-4D0D-8367-2B291A1E6EC8}.Debug|Any CPU.ActiveCfg = Debug|Any CPU
		{353FA139-C58A-4D0D-8367-2B291A1E6EC8}.Debug|Any CPU.Build.0 = Debug|Any CPU
		{353FA139-C58A-4D0D-8367-2B291A1E6EC8}.Release|Any CPU.ActiveCfg = Release|Any CPU
		{353FA139-C58A-4D0D-8367-2B291A1E6EC8}.Release|Any CPU.Build.0 = Release|Any CPU
		{CA1E6CDB-6501-44D8-AAD9-5E5DE0190A77}.Debug|Any CPU.ActiveCfg = Debug|Any CPU
		{CA1E6CDB-6501-44D8-AAD9-5E5DE0190A77}.Debug|Any CPU.Build.0 = Debug|Any CPU
		{CA1E6CDB-6501-44D8-AAD9-5E5DE0190A77}.Release|Any CPU.ActiveCfg = Release|Any CPU
		{CA1E6CDB-6501-44D8-AAD9-5E5DE0190A77}.Release|Any CPU.Build.0 = Release|Any CPU
		{128FE81F-A499-4AAE-BD92-36C638B7C9A1}.Debug|Any CPU.ActiveCfg = Debug|Any CPU
		{128FE81F-A499-4AAE-BD92-36C638B7C9A1}.Debug|Any CPU.Build.0 = Debug|Any CPU
		{128FE81F-A499-4AAE-BD92-36C638B7C9A1}.Release|Any CPU.ActiveCfg = Release|Any CPU
		{128FE81F-A499-4AAE-BD92-36C638B7C9A1}.Release|Any CPU.Build.0 = Release|Any CPU
		{7A2E32E5-793F-4CA4-8B4A-4DC175751594}.Debug|Any CPU.ActiveCfg = Debug|Any CPU
		{7A2E32E5-793F-4CA4-8B4A-4DC175751594}.Debug|Any CPU.Build.0 = Debug|Any CPU
		{7A2E32E5-793F-4CA4-8B4A-4DC175751594}.Release|Any CPU.ActiveCfg = Release|Any CPU
		{7A2E32E5-793F-4CA4-8B4A-4DC175751594}.Release|Any CPU.Build.0 = Release|Any CPU
		{C5587208-AF47-4D28-932B-EE076807A9CD}.Debug|Any CPU.ActiveCfg = Debug|Any CPU
		{C5587208-AF47-4D28-932B-EE076807A9CD}.Debug|Any CPU.Build.0 = Debug|Any CPU
		{C5587208-AF47-4D28-932B-EE076807A9CD}.Release|Any CPU.ActiveCfg = Release|Any CPU
		{C5587208-AF47-4D28-932B-EE076807A9CD}.Release|Any CPU.Build.0 = Release|Any CPU
		{26FDB637-D5EE-4D5C-86D9-03D93BEBC63C}.Debug|Any CPU.ActiveCfg = Debug|Any CPU
		{26FDB637-D5EE-4D5C-86D9-03D93BEBC63C}.Debug|Any CPU.Build.0 = Debug|Any CPU
		{26FDB637-D5EE-4D5C-86D9-03D93BEBC63C}.Release|Any CPU.ActiveCfg = Release|Any CPU
		{26FDB637-D5EE-4D5C-86D9-03D93BEBC63C}.Release|Any CPU.Build.0 = Release|Any CPU
		{D6E6026C-010B-4F55-973A-3D3E756E818A}.Debug|Any CPU.ActiveCfg = Debug|Any CPU
		{D6E6026C-010B-4F55-973A-3D3E756E818A}.Debug|Any CPU.Build.0 = Debug|Any CPU
		{D6E6026C-010B-4F55-973A-3D3E756E818A}.Release|Any CPU.ActiveCfg = Release|Any CPU
		{D6E6026C-010B-4F55-973A-3D3E756E818A}.Release|Any CPU.Build.0 = Release|Any CPU
		{78E14297-415F-4F90-BF11-C42CBC567BD1}.Debug|Any CPU.ActiveCfg = Debug|Any CPU
		{78E14297-415F-4F90-BF11-C42CBC567BD1}.Debug|Any CPU.Build.0 = Debug|Any CPU
		{78E14297-415F-4F90-BF11-C42CBC567BD1}.Release|Any CPU.ActiveCfg = Release|Any CPU
		{78E14297-415F-4F90-BF11-C42CBC567BD1}.Release|Any CPU.Build.0 = Release|Any CPU
		{7EF9ADD7-197E-4F93-84C4-8355CC0056EF}.Debug|Any CPU.ActiveCfg = Debug|Any CPU
		{7EF9ADD7-197E-4F93-84C4-8355CC0056EF}.Debug|Any CPU.Build.0 = Debug|Any CPU
		{7EF9ADD7-197E-4F93-84C4-8355CC0056EF}.Release|Any CPU.ActiveCfg = Release|Any CPU
		{7EF9ADD7-197E-4F93-84C4-8355CC0056EF}.Release|Any CPU.Build.0 = Release|Any CPU
		{D3B6736B-C247-495E-816F-C7E657FBADC2}.Debug|Any CPU.ActiveCfg = Debug|Any CPU
		{D3B6736B-C247-495E-816F-C7E657FBADC2}.Debug|Any CPU.Build.0 = Debug|Any CPU
		{D3B6736B-C247-495E-816F-C7E657FBADC2}.Release|Any CPU.ActiveCfg = Release|Any CPU
		{D3B6736B-C247-495E-816F-C7E657FBADC2}.Release|Any CPU.Build.0 = Release|Any CPU
		{0D45BA79-2DA1-4EE7-AE07-CDBDB5AC296C}.Debug|Any CPU.ActiveCfg = Debug|Any CPU
		{0D45BA79-2DA1-4EE7-AE07-CDBDB5AC296C}.Debug|Any CPU.Build.0 = Debug|Any CPU
		{0D45BA79-2DA1-4EE7-AE07-CDBDB5AC296C}.Release|Any CPU.ActiveCfg = Release|Any CPU
		{0D45BA79-2DA1-4EE7-AE07-CDBDB5AC296C}.Release|Any CPU.Build.0 = Release|Any CPU
		{788E5D57-8C25-44DF-B65B-EE399B522852}.Debug|Any CPU.ActiveCfg = Debug|Any CPU
		{788E5D57-8C25-44DF-B65B-EE399B522852}.Debug|Any CPU.Build.0 = Debug|Any CPU
		{788E5D57-8C25-44DF-B65B-EE399B522852}.Release|Any CPU.ActiveCfg = Release|Any CPU
		{788E5D57-8C25-44DF-B65B-EE399B522852}.Release|Any CPU.Build.0 = Release|Any CPU
		{77C04A5D-7974-4149-B407-559BB63CC3A4}.Debug|Any CPU.ActiveCfg = Debug|Any CPU
		{77C04A5D-7974-4149-B407-559BB63CC3A4}.Debug|Any CPU.Build.0 = Debug|Any CPU
		{77C04A5D-7974-4149-B407-559BB63CC3A4}.Release|Any CPU.ActiveCfg = Release|Any CPU
		{77C04A5D-7974-4149-B407-559BB63CC3A4}.Release|Any CPU.Build.0 = Release|Any CPU
		{4C1DDC6B-EDB6-475F-9005-6E7B804BBC06}.Debug|Any CPU.ActiveCfg = Debug|Any CPU
		{4C1DDC6B-EDB6-475F-9005-6E7B804BBC06}.Debug|Any CPU.Build.0 = Debug|Any CPU
		{4C1DDC6B-EDB6-475F-9005-6E7B804BBC06}.Release|Any CPU.ActiveCfg = Release|Any CPU
		{4C1DDC6B-EDB6-475F-9005-6E7B804BBC06}.Release|Any CPU.Build.0 = Release|Any CPU
		{AD22DBBB-9C32-4FBA-B964-0606C787AB38}.Debug|Any CPU.ActiveCfg = Debug|Any CPU
		{AD22DBBB-9C32-4FBA-B964-0606C787AB38}.Debug|Any CPU.Build.0 = Debug|Any CPU
		{AD22DBBB-9C32-4FBA-B964-0606C787AB38}.Release|Any CPU.ActiveCfg = Release|Any CPU
		{AD22DBBB-9C32-4FBA-B964-0606C787AB38}.Release|Any CPU.Build.0 = Release|Any CPU
		{22BD08B8-8E72-4837-82D8-03D60D24EAEF}.Debug|Any CPU.ActiveCfg = Debug|Any CPU
		{22BD08B8-8E72-4837-82D8-03D60D24EAEF}.Debug|Any CPU.Build.0 = Debug|Any CPU
		{22BD08B8-8E72-4837-82D8-03D60D24EAEF}.Release|Any CPU.ActiveCfg = Release|Any CPU
		{22BD08B8-8E72-4837-82D8-03D60D24EAEF}.Release|Any CPU.Build.0 = Release|Any CPU
		{9837EEB3-2AEA-4EA5-91C7-AD953DA26B3E}.Debug|Any CPU.ActiveCfg = Debug|Any CPU
		{9837EEB3-2AEA-4EA5-91C7-AD953DA26B3E}.Debug|Any CPU.Build.0 = Debug|Any CPU
		{9837EEB3-2AEA-4EA5-91C7-AD953DA26B3E}.Release|Any CPU.ActiveCfg = Release|Any CPU
		{9837EEB3-2AEA-4EA5-91C7-AD953DA26B3E}.Release|Any CPU.Build.0 = Release|Any CPU
		{166F1CCB-0473-459C-AF2B-13EB7727AEAF}.Debug|Any CPU.ActiveCfg = Debug|Any CPU
		{166F1CCB-0473-459C-AF2B-13EB7727AEAF}.Debug|Any CPU.Build.0 = Debug|Any CPU
		{166F1CCB-0473-459C-AF2B-13EB7727AEAF}.Release|Any CPU.ActiveCfg = Release|Any CPU
		{166F1CCB-0473-459C-AF2B-13EB7727AEAF}.Release|Any CPU.Build.0 = Release|Any CPU
		{1F1693D1-81D7-43ED-AE66-5E504A0F8913}.Debug|Any CPU.ActiveCfg = Debug|Any CPU
		{1F1693D1-81D7-43ED-AE66-5E504A0F8913}.Debug|Any CPU.Build.0 = Debug|Any CPU
		{1F1693D1-81D7-43ED-AE66-5E504A0F8913}.Release|Any CPU.ActiveCfg = Release|Any CPU
		{1F1693D1-81D7-43ED-AE66-5E504A0F8913}.Release|Any CPU.Build.0 = Release|Any CPU
		{B600177F-B8C2-4580-80D6-796EB1385A84}.Debug|Any CPU.ActiveCfg = Debug|Any CPU
		{B600177F-B8C2-4580-80D6-796EB1385A84}.Debug|Any CPU.Build.0 = Debug|Any CPU
		{B600177F-B8C2-4580-80D6-796EB1385A84}.Release|Any CPU.ActiveCfg = Release|Any CPU
		{B600177F-B8C2-4580-80D6-796EB1385A84}.Release|Any CPU.Build.0 = Release|Any CPU
		{703DA3BF-D44B-48DE-B664-914834DE7DB5}.Debug|Any CPU.ActiveCfg = Debug|Any CPU
		{703DA3BF-D44B-48DE-B664-914834DE7DB5}.Debug|Any CPU.Build.0 = Debug|Any CPU
		{703DA3BF-D44B-48DE-B664-914834DE7DB5}.Release|Any CPU.ActiveCfg = Release|Any CPU
		{703DA3BF-D44B-48DE-B664-914834DE7DB5}.Release|Any CPU.Build.0 = Release|Any CPU
		{0EB5A505-B0D5-412E-8068-A752E1C13617}.Debug|Any CPU.ActiveCfg = Debug|Any CPU
		{0EB5A505-B0D5-412E-8068-A752E1C13617}.Debug|Any CPU.Build.0 = Debug|Any CPU
		{0EB5A505-B0D5-412E-8068-A752E1C13617}.Release|Any CPU.ActiveCfg = Release|Any CPU
		{0EB5A505-B0D5-412E-8068-A752E1C13617}.Release|Any CPU.Build.0 = Release|Any CPU
		{DA602764-AB34-43D0-8C69-368AC772AA92}.Debug|Any CPU.ActiveCfg = Debug|Any CPU
		{DA602764-AB34-43D0-8C69-368AC772AA92}.Debug|Any CPU.Build.0 = Debug|Any CPU
		{DA602764-AB34-43D0-8C69-368AC772AA92}.Release|Any CPU.ActiveCfg = Release|Any CPU
		{DA602764-AB34-43D0-8C69-368AC772AA92}.Release|Any CPU.Build.0 = Release|Any CPU
		{EB1DBA16-5229-465E-9B5A-75EA550B83E7}.Debug|Any CPU.ActiveCfg = Debug|Any CPU
		{EB1DBA16-5229-465E-9B5A-75EA550B83E7}.Debug|Any CPU.Build.0 = Debug|Any CPU
		{EB1DBA16-5229-465E-9B5A-75EA550B83E7}.Release|Any CPU.ActiveCfg = Release|Any CPU
		{EB1DBA16-5229-465E-9B5A-75EA550B83E7}.Release|Any CPU.Build.0 = Release|Any CPU
		{304B6644-9ACD-44AA-9067-261033386EEB}.Debug|Any CPU.ActiveCfg = Debug|Any CPU
		{304B6644-9ACD-44AA-9067-261033386EEB}.Debug|Any CPU.Build.0 = Debug|Any CPU
		{304B6644-9ACD-44AA-9067-261033386EEB}.Release|Any CPU.ActiveCfg = Release|Any CPU
		{304B6644-9ACD-44AA-9067-261033386EEB}.Release|Any CPU.Build.0 = Release|Any CPU
		{FBECAE53-61AF-49BB-B403-21E9822A21B4}.Debug|Any CPU.ActiveCfg = Debug|Any CPU
		{FBECAE53-61AF-49BB-B403-21E9822A21B4}.Debug|Any CPU.Build.0 = Debug|Any CPU
		{FBECAE53-61AF-49BB-B403-21E9822A21B4}.Release|Any CPU.ActiveCfg = Release|Any CPU
		{FBECAE53-61AF-49BB-B403-21E9822A21B4}.Release|Any CPU.Build.0 = Release|Any CPU
		{58D5047A-C41F-4357-A138-2028543AB8EA}.Debug|Any CPU.ActiveCfg = Debug|Any CPU
		{58D5047A-C41F-4357-A138-2028543AB8EA}.Debug|Any CPU.Build.0 = Debug|Any CPU
		{58D5047A-C41F-4357-A138-2028543AB8EA}.Release|Any CPU.ActiveCfg = Release|Any CPU
		{58D5047A-C41F-4357-A138-2028543AB8EA}.Release|Any CPU.Build.0 = Release|Any CPU
		{E4437A1B-9F60-4937-8244-5CB1BE04A170}.Debug|Any CPU.ActiveCfg = Debug|Any CPU
		{E4437A1B-9F60-4937-8244-5CB1BE04A170}.Debug|Any CPU.Build.0 = Debug|Any CPU
		{E4437A1B-9F60-4937-8244-5CB1BE04A170}.Release|Any CPU.ActiveCfg = Release|Any CPU
		{E4437A1B-9F60-4937-8244-5CB1BE04A170}.Release|Any CPU.Build.0 = Release|Any CPU
		{482DA452-2EFE-4D9E-9CF6-FE72CCA35A41}.Debug|Any CPU.ActiveCfg = Debug|Any CPU
		{482DA452-2EFE-4D9E-9CF6-FE72CCA35A41}.Debug|Any CPU.Build.0 = Debug|Any CPU
		{482DA452-2EFE-4D9E-9CF6-FE72CCA35A41}.Release|Any CPU.ActiveCfg = Release|Any CPU
		{482DA452-2EFE-4D9E-9CF6-FE72CCA35A41}.Release|Any CPU.Build.0 = Release|Any CPU
		{8FFF5899-2873-4B3F-8447-53357D5AA1FD}.Debug|Any CPU.ActiveCfg = Debug|Any CPU
		{8FFF5899-2873-4B3F-8447-53357D5AA1FD}.Debug|Any CPU.Build.0 = Debug|Any CPU
		{8FFF5899-2873-4B3F-8447-53357D5AA1FD}.Release|Any CPU.ActiveCfg = Release|Any CPU
		{8FFF5899-2873-4B3F-8447-53357D5AA1FD}.Release|Any CPU.Build.0 = Release|Any CPU
		{7120D753-2055-46E9-955E-BA583581C4C2}.Debug|Any CPU.ActiveCfg = Debug|Any CPU
		{7120D753-2055-46E9-955E-BA583581C4C2}.Debug|Any CPU.Build.0 = Debug|Any CPU
		{7120D753-2055-46E9-955E-BA583581C4C2}.Release|Any CPU.ActiveCfg = Release|Any CPU
		{7120D753-2055-46E9-955E-BA583581C4C2}.Release|Any CPU.Build.0 = Release|Any CPU
		{4A4EC6DC-E31D-4D46-AB61-4A2E3BF079AA}.Debug|Any CPU.ActiveCfg = Debug|Any CPU
		{4A4EC6DC-E31D-4D46-AB61-4A2E3BF079AA}.Debug|Any CPU.Build.0 = Debug|Any CPU
		{4A4EC6DC-E31D-4D46-AB61-4A2E3BF079AA}.Release|Any CPU.ActiveCfg = Release|Any CPU
		{4A4EC6DC-E31D-4D46-AB61-4A2E3BF079AA}.Release|Any CPU.Build.0 = Release|Any CPU
		{F4163968-9C95-4F4E-8D6B-156299088B4D}.Debug|Any CPU.ActiveCfg = Debug|Any CPU
		{F4163968-9C95-4F4E-8D6B-156299088B4D}.Debug|Any CPU.Build.0 = Debug|Any CPU
		{F4163968-9C95-4F4E-8D6B-156299088B4D}.Release|Any CPU.ActiveCfg = Release|Any CPU
		{F4163968-9C95-4F4E-8D6B-156299088B4D}.Release|Any CPU.Build.0 = Release|Any CPU
		{760F4132-4187-4BCF-AAC9-24845838BC5C}.Debug|Any CPU.ActiveCfg = Debug|Any CPU
		{760F4132-4187-4BCF-AAC9-24845838BC5C}.Debug|Any CPU.Build.0 = Debug|Any CPU
		{760F4132-4187-4BCF-AAC9-24845838BC5C}.Release|Any CPU.ActiveCfg = Release|Any CPU
		{760F4132-4187-4BCF-AAC9-24845838BC5C}.Release|Any CPU.Build.0 = Release|Any CPU
		{0CB68F28-808F-4623-B69E-22096280E46B}.Debug|Any CPU.ActiveCfg = Debug|Any CPU
		{0CB68F28-808F-4623-B69E-22096280E46B}.Debug|Any CPU.Build.0 = Debug|Any CPU
		{0CB68F28-808F-4623-B69E-22096280E46B}.Release|Any CPU.ActiveCfg = Release|Any CPU
		{0CB68F28-808F-4623-B69E-22096280E46B}.Release|Any CPU.Build.0 = Release|Any CPU
		{F24E9EFD-69C0-497E-9232-DD55841B2742}.Debug|Any CPU.ActiveCfg = Debug|Any CPU
		{F24E9EFD-69C0-497E-9232-DD55841B2742}.Debug|Any CPU.Build.0 = Debug|Any CPU
		{F24E9EFD-69C0-497E-9232-DD55841B2742}.Release|Any CPU.ActiveCfg = Release|Any CPU
		{F24E9EFD-69C0-497E-9232-DD55841B2742}.Release|Any CPU.Build.0 = Release|Any CPU
		{6E0B7252-3E3A-419D-934D-B5FD7F228E7A}.Debug|Any CPU.ActiveCfg = Debug|Any CPU
		{6E0B7252-3E3A-419D-934D-B5FD7F228E7A}.Debug|Any CPU.Build.0 = Debug|Any CPU
		{6E0B7252-3E3A-419D-934D-B5FD7F228E7A}.Release|Any CPU.ActiveCfg = Release|Any CPU
		{6E0B7252-3E3A-419D-934D-B5FD7F228E7A}.Release|Any CPU.Build.0 = Release|Any CPU
		{021F37BE-3432-46A0-BAE8-3C4D9D6F54B0}.Debug|Any CPU.ActiveCfg = Debug|Any CPU
		{021F37BE-3432-46A0-BAE8-3C4D9D6F54B0}.Debug|Any CPU.Build.0 = Debug|Any CPU
		{021F37BE-3432-46A0-BAE8-3C4D9D6F54B0}.Release|Any CPU.ActiveCfg = Release|Any CPU
		{021F37BE-3432-46A0-BAE8-3C4D9D6F54B0}.Release|Any CPU.Build.0 = Release|Any CPU
		{7FADA3C7-8AF5-44D1-9C84-9F32DA612DBB}.Debug|Any CPU.ActiveCfg = Debug|Any CPU
		{7FADA3C7-8AF5-44D1-9C84-9F32DA612DBB}.Debug|Any CPU.Build.0 = Debug|Any CPU
		{7FADA3C7-8AF5-44D1-9C84-9F32DA612DBB}.Release|Any CPU.ActiveCfg = Release|Any CPU
		{7FADA3C7-8AF5-44D1-9C84-9F32DA612DBB}.Release|Any CPU.Build.0 = Release|Any CPU
		{84D13C8A-1615-48EA-81FD-163E926F4343}.Debug|Any CPU.ActiveCfg = Debug|Any CPU
		{84D13C8A-1615-48EA-81FD-163E926F4343}.Debug|Any CPU.Build.0 = Debug|Any CPU
		{84D13C8A-1615-48EA-81FD-163E926F4343}.Release|Any CPU.ActiveCfg = Release|Any CPU
		{84D13C8A-1615-48EA-81FD-163E926F4343}.Release|Any CPU.Build.0 = Release|Any CPU
		{8BA70EAA-C833-412B-AD87-834FC88F2B58}.Debug|Any CPU.ActiveCfg = Debug|Any CPU
		{8BA70EAA-C833-412B-AD87-834FC88F2B58}.Debug|Any CPU.Build.0 = Debug|Any CPU
		{8BA70EAA-C833-412B-AD87-834FC88F2B58}.Release|Any CPU.ActiveCfg = Release|Any CPU
		{8BA70EAA-C833-412B-AD87-834FC88F2B58}.Release|Any CPU.Build.0 = Release|Any CPU
		{7899279C-0719-4BB5-AF70-DFB67385F5F3}.Debug|Any CPU.ActiveCfg = Debug|Any CPU
		{7899279C-0719-4BB5-AF70-DFB67385F5F3}.Debug|Any CPU.Build.0 = Debug|Any CPU
		{7899279C-0719-4BB5-AF70-DFB67385F5F3}.Release|Any CPU.ActiveCfg = Release|Any CPU
		{7899279C-0719-4BB5-AF70-DFB67385F5F3}.Release|Any CPU.Build.0 = Release|Any CPU
		{88255256-496E-4BD3-BDFE-B25FBCA05978}.Debug|Any CPU.ActiveCfg = Debug|Any CPU
		{88255256-496E-4BD3-BDFE-B25FBCA05978}.Debug|Any CPU.Build.0 = Debug|Any CPU
		{88255256-496E-4BD3-BDFE-B25FBCA05978}.Release|Any CPU.ActiveCfg = Release|Any CPU
		{88255256-496E-4BD3-BDFE-B25FBCA05978}.Release|Any CPU.Build.0 = Release|Any CPU
		{14BC7486-D909-451B-8823-0AF983C53B8C}.Debug|Any CPU.ActiveCfg = Debug|Any CPU
		{14BC7486-D909-451B-8823-0AF983C53B8C}.Debug|Any CPU.Build.0 = Debug|Any CPU
		{14BC7486-D909-451B-8823-0AF983C53B8C}.Release|Any CPU.ActiveCfg = Release|Any CPU
		{14BC7486-D909-451B-8823-0AF983C53B8C}.Release|Any CPU.Build.0 = Release|Any CPU
		{58D6C7B3-1B1B-40C2-BD4A-B20FE1714CC0}.Debug|Any CPU.ActiveCfg = Debug|Any CPU
		{58D6C7B3-1B1B-40C2-BD4A-B20FE1714CC0}.Debug|Any CPU.Build.0 = Debug|Any CPU
		{58D6C7B3-1B1B-40C2-BD4A-B20FE1714CC0}.Release|Any CPU.ActiveCfg = Release|Any CPU
		{58D6C7B3-1B1B-40C2-BD4A-B20FE1714CC0}.Release|Any CPU.Build.0 = Release|Any CPU
		{6ED56D2B-187C-4406-82F5-DC4394403D63}.Debug|Any CPU.ActiveCfg = Debug|Any CPU
		{6ED56D2B-187C-4406-82F5-DC4394403D63}.Debug|Any CPU.Build.0 = Debug|Any CPU
		{6ED56D2B-187C-4406-82F5-DC4394403D63}.Release|Any CPU.ActiveCfg = Release|Any CPU
		{6ED56D2B-187C-4406-82F5-DC4394403D63}.Release|Any CPU.Build.0 = Release|Any CPU
		{C798522B-C252-428A-84D1-2137E4C0912A}.Debug|Any CPU.ActiveCfg = Debug|Any CPU
		{C798522B-C252-428A-84D1-2137E4C0912A}.Debug|Any CPU.Build.0 = Debug|Any CPU
		{C798522B-C252-428A-84D1-2137E4C0912A}.Release|Any CPU.ActiveCfg = Release|Any CPU
		{C798522B-C252-428A-84D1-2137E4C0912A}.Release|Any CPU.Build.0 = Release|Any CPU
		{39DEFD4F-D8CC-49A3-A809-6118476CAFC0}.Debug|Any CPU.ActiveCfg = Debug|Any CPU
		{39DEFD4F-D8CC-49A3-A809-6118476CAFC0}.Debug|Any CPU.Build.0 = Debug|Any CPU
		{39DEFD4F-D8CC-49A3-A809-6118476CAFC0}.Release|Any CPU.ActiveCfg = Release|Any CPU
		{39DEFD4F-D8CC-49A3-A809-6118476CAFC0}.Release|Any CPU.Build.0 = Release|Any CPU
		{1F4960D0-1974-45E2-889D-9829C1A50F85}.Debug|Any CPU.ActiveCfg = Debug|Any CPU
		{1F4960D0-1974-45E2-889D-9829C1A50F85}.Debug|Any CPU.Build.0 = Debug|Any CPU
		{1F4960D0-1974-45E2-889D-9829C1A50F85}.Release|Any CPU.ActiveCfg = Release|Any CPU
		{1F4960D0-1974-45E2-889D-9829C1A50F85}.Release|Any CPU.Build.0 = Release|Any CPU
		{A527FBC6-281D-4F01-AE1E-680599700195}.Debug|Any CPU.ActiveCfg = Debug|Any CPU
		{A527FBC6-281D-4F01-AE1E-680599700195}.Debug|Any CPU.Build.0 = Debug|Any CPU
		{A527FBC6-281D-4F01-AE1E-680599700195}.Release|Any CPU.ActiveCfg = Release|Any CPU
		{A527FBC6-281D-4F01-AE1E-680599700195}.Release|Any CPU.Build.0 = Release|Any CPU
		{E22F7D49-A0EE-40C5-87A3-FDFA0AF41C13}.Debug|Any CPU.ActiveCfg = Debug|Any CPU
		{E22F7D49-A0EE-40C5-87A3-FDFA0AF41C13}.Debug|Any CPU.Build.0 = Debug|Any CPU
		{E22F7D49-A0EE-40C5-87A3-FDFA0AF41C13}.Release|Any CPU.ActiveCfg = Release|Any CPU
		{E22F7D49-A0EE-40C5-87A3-FDFA0AF41C13}.Release|Any CPU.Build.0 = Release|Any CPU
		{E1CBEFCD-FECD-47E6-A6D3-A09A38A2E7B5}.Debug|Any CPU.ActiveCfg = Debug|Any CPU
		{E1CBEFCD-FECD-47E6-A6D3-A09A38A2E7B5}.Debug|Any CPU.Build.0 = Debug|Any CPU
		{E1CBEFCD-FECD-47E6-A6D3-A09A38A2E7B5}.Release|Any CPU.ActiveCfg = Release|Any CPU
		{E1CBEFCD-FECD-47E6-A6D3-A09A38A2E7B5}.Release|Any CPU.Build.0 = Release|Any CPU
		{32AE25AC-97CE-40FF-BFBC-00A8104FDFEC}.Debug|Any CPU.ActiveCfg = Debug|Any CPU
		{32AE25AC-97CE-40FF-BFBC-00A8104FDFEC}.Debug|Any CPU.Build.0 = Debug|Any CPU
		{32AE25AC-97CE-40FF-BFBC-00A8104FDFEC}.Release|Any CPU.ActiveCfg = Release|Any CPU
		{32AE25AC-97CE-40FF-BFBC-00A8104FDFEC}.Release|Any CPU.Build.0 = Release|Any CPU
		{D9F22D77-2935-4AE9-A4BE-B8DFC6C80ACC}.Debug|Any CPU.ActiveCfg = Debug|Any CPU
		{D9F22D77-2935-4AE9-A4BE-B8DFC6C80ACC}.Debug|Any CPU.Build.0 = Debug|Any CPU
		{D9F22D77-2935-4AE9-A4BE-B8DFC6C80ACC}.Release|Any CPU.ActiveCfg = Release|Any CPU
		{D9F22D77-2935-4AE9-A4BE-B8DFC6C80ACC}.Release|Any CPU.Build.0 = Release|Any CPU
		{66774571-199B-476F-B664-11F3F3BB1BD5}.Debug|Any CPU.ActiveCfg = Debug|Any CPU
		{66774571-199B-476F-B664-11F3F3BB1BD5}.Debug|Any CPU.Build.0 = Debug|Any CPU
		{66774571-199B-476F-B664-11F3F3BB1BD5}.Release|Any CPU.ActiveCfg = Release|Any CPU
		{66774571-199B-476F-B664-11F3F3BB1BD5}.Release|Any CPU.Build.0 = Release|Any CPU
		{E6A846E0-349E-4159-9310-DB8F777D93B3}.Debug|Any CPU.ActiveCfg = Debug|Any CPU
		{E6A846E0-349E-4159-9310-DB8F777D93B3}.Debug|Any CPU.Build.0 = Debug|Any CPU
		{E6A846E0-349E-4159-9310-DB8F777D93B3}.Release|Any CPU.ActiveCfg = Release|Any CPU
		{E6A846E0-349E-4159-9310-DB8F777D93B3}.Release|Any CPU.Build.0 = Release|Any CPU
		{140EC65C-C18A-4ECA-B7D8-4A289BB4B0DC}.Debug|Any CPU.ActiveCfg = Debug|Any CPU
		{140EC65C-C18A-4ECA-B7D8-4A289BB4B0DC}.Debug|Any CPU.Build.0 = Debug|Any CPU
		{140EC65C-C18A-4ECA-B7D8-4A289BB4B0DC}.Release|Any CPU.ActiveCfg = Release|Any CPU
		{140EC65C-C18A-4ECA-B7D8-4A289BB4B0DC}.Release|Any CPU.Build.0 = Release|Any CPU
		{6B5D5099-B7BF-485E-A503-F272B029FB8A}.Debug|Any CPU.ActiveCfg = Debug|Any CPU
		{6B5D5099-B7BF-485E-A503-F272B029FB8A}.Debug|Any CPU.Build.0 = Debug|Any CPU
		{6B5D5099-B7BF-485E-A503-F272B029FB8A}.Release|Any CPU.ActiveCfg = Release|Any CPU
		{6B5D5099-B7BF-485E-A503-F272B029FB8A}.Release|Any CPU.Build.0 = Release|Any CPU
		{5C4B6431-1A0C-42BD-83A0-AB65B66C1152}.Debug|Any CPU.ActiveCfg = Debug|Any CPU
		{5C4B6431-1A0C-42BD-83A0-AB65B66C1152}.Debug|Any CPU.Build.0 = Debug|Any CPU
		{5C4B6431-1A0C-42BD-83A0-AB65B66C1152}.Release|Any CPU.ActiveCfg = Release|Any CPU
		{5C4B6431-1A0C-42BD-83A0-AB65B66C1152}.Release|Any CPU.Build.0 = Release|Any CPU
		{DB35E5FA-C779-487A-8E19-5CFA3FF975A8}.Debug|Any CPU.ActiveCfg = Debug|Any CPU
		{DB35E5FA-C779-487A-8E19-5CFA3FF975A8}.Debug|Any CPU.Build.0 = Debug|Any CPU
		{DB35E5FA-C779-487A-8E19-5CFA3FF975A8}.Release|Any CPU.ActiveCfg = Release|Any CPU
		{DB35E5FA-C779-487A-8E19-5CFA3FF975A8}.Release|Any CPU.Build.0 = Release|Any CPU
		{1B8FB499-5D55-4EDE-BF06-F96310596CEE}.Debug|Any CPU.ActiveCfg = Debug|Any CPU
		{1B8FB499-5D55-4EDE-BF06-F96310596CEE}.Debug|Any CPU.Build.0 = Debug|Any CPU
		{1B8FB499-5D55-4EDE-BF06-F96310596CEE}.Release|Any CPU.ActiveCfg = Release|Any CPU
		{1B8FB499-5D55-4EDE-BF06-F96310596CEE}.Release|Any CPU.Build.0 = Release|Any CPU
		{04937C34-0A2B-4B40-B801-9F040C2710E6}.Debug|Any CPU.ActiveCfg = Debug|Any CPU
		{04937C34-0A2B-4B40-B801-9F040C2710E6}.Debug|Any CPU.Build.0 = Debug|Any CPU
		{04937C34-0A2B-4B40-B801-9F040C2710E6}.Release|Any CPU.ActiveCfg = Release|Any CPU
		{04937C34-0A2B-4B40-B801-9F040C2710E6}.Release|Any CPU.Build.0 = Release|Any CPU
		{BFB68A66-F529-4E7A-8AA2-6C1BABB8DBA6}.Debug|Any CPU.ActiveCfg = Debug|Any CPU
		{BFB68A66-F529-4E7A-8AA2-6C1BABB8DBA6}.Debug|Any CPU.Build.0 = Debug|Any CPU
		{BFB68A66-F529-4E7A-8AA2-6C1BABB8DBA6}.Release|Any CPU.ActiveCfg = Release|Any CPU
		{BFB68A66-F529-4E7A-8AA2-6C1BABB8DBA6}.Release|Any CPU.Build.0 = Release|Any CPU
		{4DDFC292-238F-4EBC-A21E-16EFB012CB02}.Debug|Any CPU.ActiveCfg = Debug|Any CPU
		{4DDFC292-238F-4EBC-A21E-16EFB012CB02}.Debug|Any CPU.Build.0 = Debug|Any CPU
		{4DDFC292-238F-4EBC-A21E-16EFB012CB02}.Release|Any CPU.ActiveCfg = Release|Any CPU
		{4DDFC292-238F-4EBC-A21E-16EFB012CB02}.Release|Any CPU.Build.0 = Release|Any CPU
		{A101368B-3063-407A-AB1C-7780689DD37D}.Debug|Any CPU.ActiveCfg = Debug|Any CPU
		{A101368B-3063-407A-AB1C-7780689DD37D}.Debug|Any CPU.Build.0 = Debug|Any CPU
		{A101368B-3063-407A-AB1C-7780689DD37D}.Release|Any CPU.ActiveCfg = Release|Any CPU
		{A101368B-3063-407A-AB1C-7780689DD37D}.Release|Any CPU.Build.0 = Release|Any CPU
		{CF2B4092-9C8B-4794-9070-E1E093706364}.Debug|Any CPU.ActiveCfg = Debug|Any CPU
		{CF2B4092-9C8B-4794-9070-E1E093706364}.Debug|Any CPU.Build.0 = Debug|Any CPU
		{CF2B4092-9C8B-4794-9070-E1E093706364}.Release|Any CPU.ActiveCfg = Release|Any CPU
		{CF2B4092-9C8B-4794-9070-E1E093706364}.Release|Any CPU.Build.0 = Release|Any CPU
		{0A241250-C23A-422F-B976-C50F83B6BCF9}.Debug|Any CPU.ActiveCfg = Debug|Any CPU
		{0A241250-C23A-422F-B976-C50F83B6BCF9}.Debug|Any CPU.Build.0 = Debug|Any CPU
		{0A241250-C23A-422F-B976-C50F83B6BCF9}.Release|Any CPU.ActiveCfg = Release|Any CPU
		{0A241250-C23A-422F-B976-C50F83B6BCF9}.Release|Any CPU.Build.0 = Release|Any CPU
		{548D4A30-6E6B-4357-A5FA-687F7E9E6E44}.Debug|Any CPU.ActiveCfg = Debug|Any CPU
		{548D4A30-6E6B-4357-A5FA-687F7E9E6E44}.Debug|Any CPU.Build.0 = Debug|Any CPU
		{548D4A30-6E6B-4357-A5FA-687F7E9E6E44}.Release|Any CPU.ActiveCfg = Release|Any CPU
		{548D4A30-6E6B-4357-A5FA-687F7E9E6E44}.Release|Any CPU.Build.0 = Release|Any CPU
		{CCE68B1C-5751-40DF-B004-3863967BDE4D}.Debug|Any CPU.ActiveCfg = Debug|Any CPU
		{CCE68B1C-5751-40DF-B004-3863967BDE4D}.Debug|Any CPU.Build.0 = Debug|Any CPU
		{CCE68B1C-5751-40DF-B004-3863967BDE4D}.Release|Any CPU.ActiveCfg = Release|Any CPU
		{CCE68B1C-5751-40DF-B004-3863967BDE4D}.Release|Any CPU.Build.0 = Release|Any CPU
		{21F40188-72D1-476F-A736-5B642BB637EF}.Debug|Any CPU.ActiveCfg = Debug|Any CPU
		{21F40188-72D1-476F-A736-5B642BB637EF}.Debug|Any CPU.Build.0 = Debug|Any CPU
		{21F40188-72D1-476F-A736-5B642BB637EF}.Release|Any CPU.ActiveCfg = Release|Any CPU
		{21F40188-72D1-476F-A736-5B642BB637EF}.Release|Any CPU.Build.0 = Release|Any CPU
		{8DB6EA88-393A-45F9-9C2C-E79BEB6D6370}.Debug|Any CPU.ActiveCfg = Debug|Any CPU
		{8DB6EA88-393A-45F9-9C2C-E79BEB6D6370}.Debug|Any CPU.Build.0 = Debug|Any CPU
		{8DB6EA88-393A-45F9-9C2C-E79BEB6D6370}.Release|Any CPU.ActiveCfg = Release|Any CPU
		{8DB6EA88-393A-45F9-9C2C-E79BEB6D6370}.Release|Any CPU.Build.0 = Release|Any CPU
		{EAF42C60-8D40-4EE9-ADC3-D7D68AF09C5E}.Debug|Any CPU.ActiveCfg = Debug|Any CPU
		{EAF42C60-8D40-4EE9-ADC3-D7D68AF09C5E}.Debug|Any CPU.Build.0 = Debug|Any CPU
		{EAF42C60-8D40-4EE9-ADC3-D7D68AF09C5E}.Release|Any CPU.ActiveCfg = Release|Any CPU
		{EAF42C60-8D40-4EE9-ADC3-D7D68AF09C5E}.Release|Any CPU.Build.0 = Release|Any CPU
		{364F91ED-AB5F-4CE6-AC27-6A0C3175DB36}.Debug|Any CPU.ActiveCfg = Debug|Any CPU
		{364F91ED-AB5F-4CE6-AC27-6A0C3175DB36}.Debug|Any CPU.Build.0 = Debug|Any CPU
		{364F91ED-AB5F-4CE6-AC27-6A0C3175DB36}.Release|Any CPU.ActiveCfg = Release|Any CPU
		{364F91ED-AB5F-4CE6-AC27-6A0C3175DB36}.Release|Any CPU.Build.0 = Release|Any CPU
		{EE8EB1E7-35E3-4C4D-8611-6FD1DA113584}.Debug|Any CPU.ActiveCfg = Debug|Any CPU
		{EE8EB1E7-35E3-4C4D-8611-6FD1DA113584}.Debug|Any CPU.Build.0 = Debug|Any CPU
		{EE8EB1E7-35E3-4C4D-8611-6FD1DA113584}.Release|Any CPU.ActiveCfg = Release|Any CPU
		{EE8EB1E7-35E3-4C4D-8611-6FD1DA113584}.Release|Any CPU.Build.0 = Release|Any CPU
		{F9D885FF-58F6-4062-9008-A9402195E66F}.Debug|Any CPU.ActiveCfg = Debug|Any CPU
		{F9D885FF-58F6-4062-9008-A9402195E66F}.Debug|Any CPU.Build.0 = Debug|Any CPU
		{F9D885FF-58F6-4062-9008-A9402195E66F}.Release|Any CPU.ActiveCfg = Release|Any CPU
		{F9D885FF-58F6-4062-9008-A9402195E66F}.Release|Any CPU.Build.0 = Release|Any CPU
	EndGlobalSection
	GlobalSection(SolutionProperties) = preSolution
		HideSolutionNode = FALSE
	EndGlobalSection
	GlobalSection(NestedProjects) = preSolution
		{BD6093B6-620F-4850-981B-8A8993813E25} = {BA8A88F3-3194-4839-9CFF-FAA3AB849A6D}
		{98F864C7-28D4-4E50-B52F-2BCAEAC1710C} = {BA8A88F3-3194-4839-9CFF-FAA3AB849A6D}
		{7221FFC0-6443-4B13-BD66-95C69D3E90F7} = {BA8A88F3-3194-4839-9CFF-FAA3AB849A6D}
		{CEDCE788-49C0-49F1-93E0-29A43E5F037A} = {B8054E43-0FE9-4C63-BB2D-E0A208E706A0}
		{00272426-69A0-4581-A958-93E8388FBDCC} = {15D8FAA2-098D-4C10-83DA-D81C31BF28B7}
		{5E5FF461-9CCE-4279-A5D5-0F1E453708CC} = {15D8FAA2-098D-4C10-83DA-D81C31BF28B7}
		{14610243-A82D-4774-954D-15E5CE46B8C5} = {15D8FAA2-098D-4C10-83DA-D81C31BF28B7}
		{9EBB8C23-0A5C-4334-B614-DE8834857049} = {15D8FAA2-098D-4C10-83DA-D81C31BF28B7}
		{A5BFD8B9-550F-483A-B356-40ECB0FD8C0B} = {3E2E169B-60D6-485B-BD0F-899F07D576AD}
		{92C7AB59-7611-4180-8B1D-B0A53AA9A1CF} = {A9CDF5A4-9016-4E8D-9FFD-157510FC50F2}
		{EC195C1E-A72B-4AF4-B138-594F3908DA26} = {69B07B62-7664-47B5-9E09-BBDD8E6E4DB7}
		{F637C09C-AB75-442A-9BB1-53C4C4011273} = {69B07B62-7664-47B5-9E09-BBDD8E6E4DB7}
		{A880FCB3-A110-4CCD-BF77-3A24787CC080} = {49010F44-DA86-46A2-97B6-172B93864D38}
		{2C2272EB-CCE8-4DE8-A2BE-6DC2EB11C499} = {BEE0AFD0-C13F-49F2-A654-32EB83623229}
		{79AB0675-4BAA-4430-9649-E4BD19E19FC1} = {BEE0AFD0-C13F-49F2-A654-32EB83623229}
		{075D863C-F38E-4430-AC94-052E47ED9BF2} = {BEE0AFD0-C13F-49F2-A654-32EB83623229}
		{340590BB-6EA0-4782-82CC-97292EBB9843} = {69B07B62-7664-47B5-9E09-BBDD8E6E4DB7}
		{DE11B4EA-F8C2-4AB1-86FC-2B76E612E21D} = {C3FA00F0-238E-4C37-9A4F-F36B2D2ED344}
		{A04EE684-18D6-42CE-BF99-75EC2B961ACA} = {B8054E43-0FE9-4C63-BB2D-E0A208E706A0}
		{E610F166-2493-44EC-A6DA-A4F769047787} = {6A973BA5-E538-463F-90ED-3C5A7C39A29C}
		{709E78C0-4A9B-4EBC-9AAD-A990C1A00672} = {6A973BA5-E538-463F-90ED-3C5A7C39A29C}
		{353FA139-C58A-4D0D-8367-2B291A1E6EC8} = {6A973BA5-E538-463F-90ED-3C5A7C39A29C}
		{CA1E6CDB-6501-44D8-AAD9-5E5DE0190A77} = {BEE0AFD0-C13F-49F2-A654-32EB83623229}
		{128FE81F-A499-4AAE-BD92-36C638B7C9A1} = {BEE0AFD0-C13F-49F2-A654-32EB83623229}
		{7A2E32E5-793F-4CA4-8B4A-4DC175751594} = {C0533A80-3E25-4B9E-97A2-9FFF625659A1}
		{C5587208-AF47-4D28-932B-EE076807A9CD} = {C0533A80-3E25-4B9E-97A2-9FFF625659A1}
		{26FDB637-D5EE-4D5C-86D9-03D93BEBC63C} = {C0533A80-3E25-4B9E-97A2-9FFF625659A1}
		{D6E6026C-010B-4F55-973A-3D3E756E818A} = {69B07B62-7664-47B5-9E09-BBDD8E6E4DB7}
		{78E14297-415F-4F90-BF11-C42CBC567BD1} = {69B07B62-7664-47B5-9E09-BBDD8E6E4DB7}
		{7EF9ADD7-197E-4F93-84C4-8355CC0056EF} = {F30B4304-8A7A-4603-B37E-767242356358}
		{D3B6736B-C247-495E-816F-C7E657FBADC2} = {49010F44-DA86-46A2-97B6-172B93864D38}
		{0D45BA79-2DA1-4EE7-AE07-CDBDB5AC296C} = {920E73DF-7BAD-473C-9663-0551089FD7F3}
		{788E5D57-8C25-44DF-B65B-EE399B522852} = {69B07B62-7664-47B5-9E09-BBDD8E6E4DB7}
		{77C04A5D-7974-4149-B407-559BB63CC3A4} = {920E73DF-7BAD-473C-9663-0551089FD7F3}
		{4C1DDC6B-EDB6-475F-9005-6E7B804BBC06} = {69B07B62-7664-47B5-9E09-BBDD8E6E4DB7}
		{AD22DBBB-9C32-4FBA-B964-0606C787AB38} = {69B07B62-7664-47B5-9E09-BBDD8E6E4DB7}
		{22BD08B8-8E72-4837-82D8-03D60D24EAEF} = {6330E9A6-D5DA-4C3E-A196-5B3CB66123F4}
		{9837EEB3-2AEA-4EA5-91C7-AD953DA26B3E} = {6330E9A6-D5DA-4C3E-A196-5B3CB66123F4}
		{166F1CCB-0473-459C-AF2B-13EB7727AEAF} = {6330E9A6-D5DA-4C3E-A196-5B3CB66123F4}
		{1F1693D1-81D7-43ED-AE66-5E504A0F8913} = {3E2E169B-60D6-485B-BD0F-899F07D576AD}
		{B600177F-B8C2-4580-80D6-796EB1385A84} = {C3FA00F0-238E-4C37-9A4F-F36B2D2ED344}
		{703DA3BF-D44B-48DE-B664-914834DE7DB5} = {69B07B62-7664-47B5-9E09-BBDD8E6E4DB7}
		{0EB5A505-B0D5-412E-8068-A752E1C13617} = {49010F44-DA86-46A2-97B6-172B93864D38}
		{DA602764-AB34-43D0-8C69-368AC772AA92} = {920E73DF-7BAD-473C-9663-0551089FD7F3}
		{EB1DBA16-5229-465E-9B5A-75EA550B83E7} = {49010F44-DA86-46A2-97B6-172B93864D38}
		{304B6644-9ACD-44AA-9067-261033386EEB} = {92CE8247-51A2-42A1-9C1F-4C7F9605D57E}
		{FBECAE53-61AF-49BB-B403-21E9822A21B4} = {6330E9A6-D5DA-4C3E-A196-5B3CB66123F4}
		{58D5047A-C41F-4357-A138-2028543AB8EA} = {69B07B62-7664-47B5-9E09-BBDD8E6E4DB7}
		{E4437A1B-9F60-4937-8244-5CB1BE04A170} = {A3C3AD0D-2D43-4698-898B-81819E4A5320}
		{482DA452-2EFE-4D9E-9CF6-FE72CCA35A41} = {A3C3AD0D-2D43-4698-898B-81819E4A5320}
		{8FFF5899-2873-4B3F-8447-53357D5AA1FD} = {C3FA00F0-238E-4C37-9A4F-F36B2D2ED344}
		{7120D753-2055-46E9-955E-BA583581C4C2} = {C3FA00F0-238E-4C37-9A4F-F36B2D2ED344}
		{4A4EC6DC-E31D-4D46-AB61-4A2E3BF079AA} = {519B3EFC-14DC-41CB-9E88-633644F353B9}
		{F4163968-9C95-4F4E-8D6B-156299088B4D} = {FC4F94B2-38E9-41E3-A89F-D3C1847BD847}
		{760F4132-4187-4BCF-AAC9-24845838BC5C} = {A9CDF5A4-9016-4E8D-9FFD-157510FC50F2}
		{0CB68F28-808F-4623-B69E-22096280E46B} = {1AB6D3F3-E78F-434E-A932-F93F09E51C3A}
		{F24E9EFD-69C0-497E-9232-DD55841B2742} = {1AB6D3F3-E78F-434E-A932-F93F09E51C3A}
		{6E0B7252-3E3A-419D-934D-B5FD7F228E7A} = {69B07B62-7664-47B5-9E09-BBDD8E6E4DB7}
		{021F37BE-3432-46A0-BAE8-3C4D9D6F54B0} = {B8054E43-0FE9-4C63-BB2D-E0A208E706A0}
		{7FADA3C7-8AF5-44D1-9C84-9F32DA612DBB} = {C648E9F8-0693-474F-AC00-8CBBD136828D}
		{84D13C8A-1615-48EA-81FD-163E926F4343} = {C648E9F8-0693-474F-AC00-8CBBD136828D}
		{8BA70EAA-C833-412B-AD87-834FC88F2B58} = {69B07B62-7664-47B5-9E09-BBDD8E6E4DB7}
		{7899279C-0719-4BB5-AF70-DFB67385F5F3} = {6330E9A6-D5DA-4C3E-A196-5B3CB66123F4}
		{88255256-496E-4BD3-BDFE-B25FBCA05978} = {6330E9A6-D5DA-4C3E-A196-5B3CB66123F4}
		{14BC7486-D909-451B-8823-0AF983C53B8C} = {FC4F94B2-38E9-41E3-A89F-D3C1847BD847}
		{58D6C7B3-1B1B-40C2-BD4A-B20FE1714CC0} = {FC4F94B2-38E9-41E3-A89F-D3C1847BD847}
		{6ED56D2B-187C-4406-82F5-DC4394403D63} = {BEE0AFD0-C13F-49F2-A654-32EB83623229}
		{C798522B-C252-428A-84D1-2137E4C0912A} = {BEE0AFD0-C13F-49F2-A654-32EB83623229}
		{39DEFD4F-D8CC-49A3-A809-6118476CAFC0} = {D935AE2A-1497-47CF-9D63-568E25E1D811}
		{1F4960D0-1974-45E2-889D-9829C1A50F85} = {D935AE2A-1497-47CF-9D63-568E25E1D811}
		{A527FBC6-281D-4F01-AE1E-680599700195} = {69B07B62-7664-47B5-9E09-BBDD8E6E4DB7}
		{E22F7D49-A0EE-40C5-87A3-FDFA0AF41C13} = {69B07B62-7664-47B5-9E09-BBDD8E6E4DB7}
		{E1CBEFCD-FECD-47E6-A6D3-A09A38A2E7B5} = {92CE8247-51A2-42A1-9C1F-4C7F9605D57E}
		{32AE25AC-97CE-40FF-BFBC-00A8104FDFEC} = {F30B4304-8A7A-4603-B37E-767242356358}
		{D9F22D77-2935-4AE9-A4BE-B8DFC6C80ACC} = {69B07B62-7664-47B5-9E09-BBDD8E6E4DB7}
		{66774571-199B-476F-B664-11F3F3BB1BD5} = {955CB110-3F3F-4C05-842A-D8B26888A129}
		{E6A846E0-349E-4159-9310-DB8F777D93B3} = {4548CC9E-6285-4A77-80DE-B4FC0BF69CBE}
		{140EC65C-C18A-4ECA-B7D8-4A289BB4B0DC} = {4548CC9E-6285-4A77-80DE-B4FC0BF69CBE}
		{6B5D5099-B7BF-485E-A503-F272B029FB8A} = {4548CC9E-6285-4A77-80DE-B4FC0BF69CBE}
		{5C4B6431-1A0C-42BD-83A0-AB65B66C1152} = {49010F44-DA86-46A2-97B6-172B93864D38}
		{DB35E5FA-C779-487A-8E19-5CFA3FF975A8} = {920E73DF-7BAD-473C-9663-0551089FD7F3}
		{BA8A88F3-3194-4839-9CFF-FAA3AB849A6D} = {EF615ADD-76DF-4EFD-9E78-7B271BB42034}
		{15D8FAA2-098D-4C10-83DA-D81C31BF28B7} = {EF615ADD-76DF-4EFD-9E78-7B271BB42034}
		{6A973BA5-E538-463F-90ED-3C5A7C39A29C} = {EF615ADD-76DF-4EFD-9E78-7B271BB42034}
		{C0533A80-3E25-4B9E-97A2-9FFF625659A1} = {EF615ADD-76DF-4EFD-9E78-7B271BB42034}
		{6330E9A6-D5DA-4C3E-A196-5B3CB66123F4} = {EF615ADD-76DF-4EFD-9E78-7B271BB42034}
		{A3C3AD0D-2D43-4698-898B-81819E4A5320} = {EF615ADD-76DF-4EFD-9E78-7B271BB42034}
		{1AB6D3F3-E78F-434E-A932-F93F09E51C3A} = {EF615ADD-76DF-4EFD-9E78-7B271BB42034}
		{D935AE2A-1497-47CF-9D63-568E25E1D811} = {EF615ADD-76DF-4EFD-9E78-7B271BB42034}
		{B8054E43-0FE9-4C63-BB2D-E0A208E706A0} = {EF615ADD-76DF-4EFD-9E78-7B271BB42034}
		{BEE0AFD0-C13F-49F2-A654-32EB83623229} = {EF615ADD-76DF-4EFD-9E78-7B271BB42034}
		{FC4F94B2-38E9-41E3-A89F-D3C1847BD847} = {EF615ADD-76DF-4EFD-9E78-7B271BB42034}
		{69B07B62-7664-47B5-9E09-BBDD8E6E4DB7} = {EF615ADD-76DF-4EFD-9E78-7B271BB42034}
		{A9CDF5A4-9016-4E8D-9FFD-157510FC50F2} = {EF615ADD-76DF-4EFD-9E78-7B271BB42034}
		{F30B4304-8A7A-4603-B37E-767242356358} = {EF615ADD-76DF-4EFD-9E78-7B271BB42034}
		{3E2E169B-60D6-485B-BD0F-899F07D576AD} = {EF615ADD-76DF-4EFD-9E78-7B271BB42034}
		{49010F44-DA86-46A2-97B6-172B93864D38} = {EF615ADD-76DF-4EFD-9E78-7B271BB42034}
		{920E73DF-7BAD-473C-9663-0551089FD7F3} = {EF615ADD-76DF-4EFD-9E78-7B271BB42034}
		{519B3EFC-14DC-41CB-9E88-633644F353B9} = {EF615ADD-76DF-4EFD-9E78-7B271BB42034}
		{92CE8247-51A2-42A1-9C1F-4C7F9605D57E} = {EF615ADD-76DF-4EFD-9E78-7B271BB42034}
		{C648E9F8-0693-474F-AC00-8CBBD136828D} = {EF615ADD-76DF-4EFD-9E78-7B271BB42034}
		{C3FA00F0-238E-4C37-9A4F-F36B2D2ED344} = {EF615ADD-76DF-4EFD-9E78-7B271BB42034}
		{1B8FB499-5D55-4EDE-BF06-F96310596CEE} = {C3FA00F0-238E-4C37-9A4F-F36B2D2ED344}
		{04937C34-0A2B-4B40-B801-9F040C2710E6} = {C3FA00F0-238E-4C37-9A4F-F36B2D2ED344}
		{BFB68A66-F529-4E7A-8AA2-6C1BABB8DBA6} = {955CB110-3F3F-4C05-842A-D8B26888A129}
		{4DDFC292-238F-4EBC-A21E-16EFB012CB02} = {955CB110-3F3F-4C05-842A-D8B26888A129}
		{A101368B-3063-407A-AB1C-7780689DD37D} = {955CB110-3F3F-4C05-842A-D8B26888A129}
		{CF2B4092-9C8B-4794-9070-E1E093706364} = {955CB110-3F3F-4C05-842A-D8B26888A129}
		{0A241250-C23A-422F-B976-C50F83B6BCF9} = {955CB110-3F3F-4C05-842A-D8B26888A129}
		{548D4A30-6E6B-4357-A5FA-687F7E9E6E44} = {955CB110-3F3F-4C05-842A-D8B26888A129}
		{CCE68B1C-5751-40DF-B004-3863967BDE4D} = {955CB110-3F3F-4C05-842A-D8B26888A129}
		{21F40188-72D1-476F-A736-5B642BB637EF} = {6A973BA5-E538-463F-90ED-3C5A7C39A29C}
		{5D97BBA0-53E9-4446-8A20-6557BCFDC53F} = {EF615ADD-76DF-4EFD-9E78-7B271BB42034}
		{8DB6EA88-393A-45F9-9C2C-E79BEB6D6370} = {5D97BBA0-53E9-4446-8A20-6557BCFDC53F}
		{EAF42C60-8D40-4EE9-ADC3-D7D68AF09C5E} = {955CB110-3F3F-4C05-842A-D8B26888A129}
		{364F91ED-AB5F-4CE6-AC27-6A0C3175DB36} = {C3FA00F0-238E-4C37-9A4F-F36B2D2ED344}
		{EE8EB1E7-35E3-4C4D-8611-6FD1DA113584} = {C3FA00F0-238E-4C37-9A4F-F36B2D2ED344}
		{F9D885FF-58F6-4062-9008-A9402195E66F} = {955CB110-3F3F-4C05-842A-D8B26888A129}
	EndGlobalSection
	GlobalSection(ExtensibilityGlobals) = postSolution
		SolutionGuid = {72F73BE3-5826-40D1-8646-9640D1A6B346}
	EndGlobalSection
EndGlobal
